// !$*UTF8*$!
{
	archiveVersion = 1;
	classes = {
	};
	objectVersion = 70;
	objects = {

/* Begin PBXBuildFile section */
		B831AD162EFBE82100E7B1E7 /* Auth in Frameworks */ = {isa = PBXBuildFile; productRef = B831AD152EFBE82100E7B1E7 /* Auth */; };
		B831AD182EFBE82100E7B1E7 /* Functions in Frameworks */ = {isa = PBXBuildFile; productRef = B831AD172EFBE82100E7B1E7 /* Functions */; };
		B831AD1A2EFBE82100E7B1E7 /* PostgREST in Frameworks */ = {isa = PBXBuildFile; productRef = B831AD192EFBE82100E7B1E7 /* PostgREST */; };
		B831AD1C2EFBE82100E7B1E7 /* Realtime in Frameworks */ = {isa = PBXBuildFile; productRef = B831AD1B2EFBE82100E7B1E7 /* Realtime */; };
		B831AD1E2EFBE82100E7B1E7 /* Storage in Frameworks */ = {isa = PBXBuildFile; productRef = B831AD1D2EFBE82100E7B1E7 /* Storage */; };
		B831AD202EFBEA2800E7B1E7 /* SupabaseManager.swift in Sources */ = {isa = PBXBuildFile; fileRef = B831AD1F2EFBEA2800E7B1E7 /* SupabaseManager.swift */; };
		B831AD222EFBEA4E00E7B1E7 /* AuthViewModel.swift in Sources */ = {isa = PBXBuildFile; fileRef = B831AD212EFBEA4E00E7B1E7 /* AuthViewModel.swift */; };
		B831AD242EFBEA6F00E7B1E7 /* AuthView.swift in Sources */ = {isa = PBXBuildFile; fileRef = B831AD232EFBEA6F00E7B1E7 /* AuthView.swift */; };
		B831AD262EFBEA8D00E7B1E7 /* SupabaseAppViewModel.swift in Sources */ = {isa = PBXBuildFile; fileRef = B831AD252EFBEA8D00E7B1E7 /* SupabaseAppViewModel.swift */; };
		B88172982F02F9BD00923E9C /* NotificationManager.swift in Sources */ = {isa = PBXBuildFile; fileRef = B88172972F02F9BD00923E9C /* NotificationManager.swift */; };
		B881729A2F030A8800923E9C /* NotificationSettingsView.swift in Sources */ = {isa = PBXBuildFile; fileRef = B88172992F030A8800923E9C /* NotificationSettingsView.swift */; };
		B8B35A1B2EE2C117004A1258 /* Post.swift in Sources */ = {isa = PBXBuildFile; fileRef = B8B35A1A2EE2C117004A1258 /* Post.swift */; };
		B8B35A1D2EE2C12F004A1258 /* FriendRequest.swift in Sources */ = {isa = PBXBuildFile; fileRef = B8B35A1C2EE2C12F004A1258 /* FriendRequest.swift */; };
		B8B35A1F2EE2C149004A1258 /* DailyPrompt.swift in Sources */ = {isa = PBXBuildFile; fileRef = B8B35A1E2EE2C149004A1258 /* DailyPrompt.swift */; };
		B8B35A212EE2C1D3004A1258 /* CreatePostView.swift in Sources */ = {isa = PBXBuildFile; fileRef = B8B35A202EE2C1D3004A1258 /* CreatePostView.swift */; };
		B8C99EA12EFE5BD80050E1A3 /* ThemeManager.swift in Sources */ = {isa = PBXBuildFile; fileRef = B8C99EA02EFE5BD80050E1A3 /* ThemeManager.swift */; };
		B8C99EB22EFE5CAC0050E1A3 /* VibeTab.swift in Sources */ = {isa = PBXBuildFile; fileRef = B8C99EB12EFE5CAC0050E1A3 /* VibeTab.swift */; };
		B8C99EB42EFE5CCC0050E1A3 /* FeedTab.swift in Sources */ = {isa = PBXBuildFile; fileRef = B8C99EB32EFE5CCC0050E1A3 /* FeedTab.swift */; };
		B8C99EB62EFE8D4C0050E1A3 /* TenPlusView.swift in Sources */ = {isa = PBXBuildFile; fileRef = B8C99EB52EFE8D4C0050E1A3 /* TenPlusView.swift */; };
		B8C99EB82EFE90A40050E1A3 /* EditProfileView.swift in Sources */ = {isa = PBXBuildFile; fileRef = B8C99EB72EFE90A40050E1A3 /* EditProfileView.swift */; };
		B8CD47712EEBC31600F2CC27 /* Vibe.swift in Sources */ = {isa = PBXBuildFile; fileRef = B8CD47702EEBC31600F2CC27 /* Vibe.swift */; };
		B8F08B4D2F004BA600F1CDE5 /* Badge.swift in Sources */ = {isa = PBXBuildFile; fileRef = B8F08B4C2F004BA600F1CDE5 /* Badge.swift */; };
		B8F08B4F2F004C4200F1CDE5 /* BadgeManager.swift in Sources */ = {isa = PBXBuildFile; fileRef = B8F08B4E2F004C4200F1CDE5 /* BadgeManager.swift */; };
		B8F08B512F004C6800F1CDE5 /* BadgeViews.swift in Sources */ = {isa = PBXBuildFile; fileRef = B8F08B502F004C6800F1CDE5 /* BadgeViews.swift */; };
		B8F9FB082EE0F1E8004A2584 /* SocialTenApp.swift in Sources */ = {isa = PBXBuildFile; fileRef = B8F9FB072EE0F1E8004A2584 /* SocialTenApp.swift */; };
		B8F9FB0A2EE0F1E8004A2584 /* ContentView.swift in Sources */ = {isa = PBXBuildFile; fileRef = B8F9FB092EE0F1E8004A2584 /* ContentView.swift */; };
		B8F9FB0C2EE0F1E9004A2584 /* Assets.xcassets in Resources */ = {isa = PBXBuildFile; fileRef = B8F9FB0B2EE0F1E9004A2584 /* Assets.xcassets */; };
		B8F9FB0F2EE0F1E9004A2584 /* Preview Assets.xcassets in Resources */ = {isa = PBXBuildFile; fileRef = B8F9FB0E2EE0F1E9004A2584 /* Preview Assets.xcassets */; };
		B8F9FB162EE0F304004A2584 /* User.swift in Sources */ = {isa = PBXBuildFile; fileRef = B8F9FB152EE0F304004A2584 /* User.swift */; };
		B8F9FB182EE0F31B004A2584 /* Rating.swift in Sources */ = {isa = PBXBuildFile; fileRef = B8F9FB172EE0F31B004A2584 /* Rating.swift */; };
		B8F9FB1C2EE0F33E004A2584 /* MainTabView.swift in Sources */ = {isa = PBXBuildFile; fileRef = B8F9FB1B2EE0F33E004A2584 /* MainTabView.swift */; };
		B8F9FB1E2EE0F350004A2584 /* HomeView.swift in Sources */ = {isa = PBXBuildFile; fileRef = B8F9FB1D2EE0F350004A2584 /* HomeView.swift */; };
		B8F9FB202EE0F35F004A2584 /* FriendsView.swift in Sources */ = {isa = PBXBuildFile; fileRef = B8F9FB1F2EE0F35F004A2584 /* FriendsView.swift */; };
		B8FFBA4C2EFBEC97005B073B /* Supabase in Frameworks */ = {isa = PBXBuildFile; productRef = B8FFBA4B2EFBEC97005B073B /* Supabase */; };
		B8FFBA4E2EFBECD8005B073B /* DatabaseModels.swift in Sources */ = {isa = PBXBuildFile; fileRef = B8FFBA4D2EFBECD8005B073B /* DatabaseModels.swift */; };
		B8FFBA502EFBEF3D005B073B /* OnBoardingView.swift in Sources */ = {isa = PBXBuildFile; fileRef = B8FFBA4F2EFBEF3D005B073B /* OnBoardingView.swift */; };
/* End PBXBuildFile section */

/* Begin PBXFileReference section */
		B831AD1F2EFBEA2800E7B1E7 /* SupabaseManager.swift */ = {isa = PBXFileReference; lastKnownFileType = sourcecode.swift; path = SupabaseManager.swift; sourceTree = "<group>"; };
		B831AD212EFBEA4E00E7B1E7 /* AuthViewModel.swift */ = {isa = PBXFileReference; lastKnownFileType = sourcecode.swift; path = AuthViewModel.swift; sourceTree = "<group>"; };
		B831AD232EFBEA6F00E7B1E7 /* AuthView.swift */ = {isa = PBXFileReference; lastKnownFileType = sourcecode.swift; path = AuthView.swift; sourceTree = "<group>"; };
		B831AD252EFBEA8D00E7B1E7 /* SupabaseAppViewModel.swift */ = {isa = PBXFileReference; lastKnownFileType = sourcecode.swift; path = SupabaseAppViewModel.swift; sourceTree = "<group>"; };
		B88172952F02F95700923E9C /* SocialTen.entitlements */ = {isa = PBXFileReference; lastKnownFileType = text.plist.entitlements; path = SocialTen.entitlements; sourceTree = "<group>"; };
		B88172962F02F98B00923E9C /* Info.plist */ = {isa = PBXFileReference; lastKnownFileType = text.plist; path = Info.plist; sourceTree = "<group>"; };
		B88172972F02F9BD00923E9C /* NotificationManager.swift */ = {isa = PBXFileReference; lastKnownFileType = sourcecode.swift; path = NotificationManager.swift; sourceTree = "<group>"; };
		B88172992F030A8800923E9C /* NotificationSettingsView.swift */ = {isa = PBXFileReference; lastKnownFileType = sourcecode.swift; path = NotificationSettingsView.swift; sourceTree = "<group>"; };
		B8B35A1A2EE2C117004A1258 /* Post.swift */ = {isa = PBXFileReference; lastKnownFileType = sourcecode.swift; path = Post.swift; sourceTree = "<group>"; };
		B8B35A1C2EE2C12F004A1258 /* FriendRequest.swift */ = {isa = PBXFileReference; lastKnownFileType = sourcecode.swift; path = FriendRequest.swift; sourceTree = "<group>"; };
		B8B35A1E2EE2C149004A1258 /* DailyPrompt.swift */ = {isa = PBXFileReference; lastKnownFileType = sourcecode.swift; path = DailyPrompt.swift; sourceTree = "<group>"; };
		B8B35A202EE2C1D3004A1258 /* CreatePostView.swift */ = {isa = PBXFileReference; lastKnownFileType = sourcecode.swift; path = CreatePostView.swift; sourceTree = "<group>"; };
		B8C99EA02EFE5BD80050E1A3 /* ThemeManager.swift */ = {isa = PBXFileReference; lastKnownFileType = sourcecode.swift; path = ThemeManager.swift; sourceTree = "<group>"; };
		B8C99EB12EFE5CAC0050E1A3 /* VibeTab.swift */ = {isa = PBXFileReference; lastKnownFileType = sourcecode.swift; path = VibeTab.swift; sourceTree = "<group>"; };
		B8C99EB32EFE5CCC0050E1A3 /* FeedTab.swift */ = {isa = PBXFileReference; lastKnownFileType = sourcecode.swift; path = FeedTab.swift; sourceTree = "<group>"; };
		B8C99EB52EFE8D4C0050E1A3 /* TenPlusView.swift */ = {isa = PBXFileReference; lastKnownFileType = sourcecode.swift; path = TenPlusView.swift; sourceTree = "<group>"; };
		B8C99EB72EFE90A40050E1A3 /* EditProfileView.swift */ = {isa = PBXFileReference; lastKnownFileType = sourcecode.swift; path = EditProfileView.swift; sourceTree = "<group>"; };
		B8CD47702EEBC31600F2CC27 /* Vibe.swift */ = {isa = PBXFileReference; lastKnownFileType = sourcecode.swift; path = Vibe.swift; sourceTree = "<group>"; };
		B8F08B4C2F004BA600F1CDE5 /* Badge.swift */ = {isa = PBXFileReference; lastKnownFileType = sourcecode.swift; path = Badge.swift; sourceTree = "<group>"; };
		B8F08B4E2F004C4200F1CDE5 /* BadgeManager.swift */ = {isa = PBXFileReference; lastKnownFileType = sourcecode.swift; path = BadgeManager.swift; sourceTree = "<group>"; };
		B8F08B502F004C6800F1CDE5 /* BadgeViews.swift */ = {isa = PBXFileReference; lastKnownFileType = sourcecode.swift; path = BadgeViews.swift; sourceTree = "<group>"; };
		B8F9FB042EE0F1E8004A2584 /* SocialTen.app */ = {isa = PBXFileReference; explicitFileType = wrapper.application; includeInIndex = 0; path = SocialTen.app; sourceTree = BUILT_PRODUCTS_DIR; };
		B8F9FB072EE0F1E8004A2584 /* SocialTenApp.swift */ = {isa = PBXFileReference; lastKnownFileType = sourcecode.swift; path = SocialTenApp.swift; sourceTree = "<group>"; };
		B8F9FB092EE0F1E8004A2584 /* ContentView.swift */ = {isa = PBXFileReference; lastKnownFileType = sourcecode.swift; path = ContentView.swift; sourceTree = "<group>"; };
		B8F9FB0B2EE0F1E9004A2584 /* Assets.xcassets */ = {isa = PBXFileReference; lastKnownFileType = folder.assetcatalog; path = Assets.xcassets; sourceTree = "<group>"; };
		B8F9FB0E2EE0F1E9004A2584 /* Preview Assets.xcassets */ = {isa = PBXFileReference; lastKnownFileType = folder.assetcatalog; path = "Preview Assets.xcassets"; sourceTree = "<group>"; };
		B8F9FB152EE0F304004A2584 /* User.swift */ = {isa = PBXFileReference; lastKnownFileType = sourcecode.swift; path = User.swift; sourceTree = "<group>"; };
		B8F9FB172EE0F31B004A2584 /* Rating.swift */ = {isa = PBXFileReference; lastKnownFileType = sourcecode.swift; path = Rating.swift; sourceTree = "<group>"; };
		B8F9FB1B2EE0F33E004A2584 /* MainTabView.swift */ = {isa = PBXFileReference; lastKnownFileType = sourcecode.swift; path = MainTabView.swift; sourceTree = "<group>"; };
		B8F9FB1D2EE0F350004A2584 /* HomeView.swift */ = {isa = PBXFileReference; lastKnownFileType = sourcecode.swift; path = HomeView.swift; sourceTree = "<group>"; };
		B8F9FB1F2EE0F35F004A2584 /* FriendsView.swift */ = {isa = PBXFileReference; lastKnownFileType = sourcecode.swift; path = FriendsView.swift; sourceTree = "<group>"; };
		B8FFBA4D2EFBECD8005B073B /* DatabaseModels.swift */ = {isa = PBXFileReference; lastKnownFileType = sourcecode.swift; path = DatabaseModels.swift; sourceTree = "<group>"; };
		B8FFBA4F2EFBEF3D005B073B /* OnBoardingView.swift */ = {isa = PBXFileReference; lastKnownFileType = sourcecode.swift; path = OnBoardingView.swift; sourceTree = "<group>"; };
/* End PBXFileReference section */

/* Begin PBXFileSystemSynchronizedRootGroup section */
		B8C99EA22EFE5C000050E1A3 /* Components */ = {isa = PBXFileSystemSynchronizedRootGroup; explicitFileTypes = {}; explicitFolders = (); path = Components; sourceTree = "<group>"; };
/* End PBXFileSystemSynchronizedRootGroup section */

/* Begin PBXFrameworksBuildPhase section */
		B8F9FB012EE0F1E8004A2584 /* Frameworks */ = {
			isa = PBXFrameworksBuildPhase;
			buildActionMask = 2147483647;
			files = (
				B831AD1A2EFBE82100E7B1E7 /* PostgREST in Frameworks */,
				B831AD182EFBE82100E7B1E7 /* Functions in Frameworks */,
				B8FFBA4C2EFBEC97005B073B /* Supabase in Frameworks */,
				B831AD162EFBE82100E7B1E7 /* Auth in Frameworks */,
				B831AD1E2EFBE82100E7B1E7 /* Storage in Frameworks */,
				B831AD1C2EFBE82100E7B1E7 /* Realtime in Frameworks */,
			);
			runOnlyForDeploymentPostprocessing = 0;
		};
/* End PBXFrameworksBuildPhase section */

/* Begin PBXGroup section */
		B8F9FAFB2EE0F1E8004A2584 = {
			isa = PBXGroup;
			children = (
				B8F9FB062EE0F1E8004A2584 /* SocialTen */,
				B8FFBA4A2EFBEC97005B073B /* Frameworks */,
				B8F9FB052EE0F1E8004A2584 /* Products */,
			);
			sourceTree = "<group>";
		};
		B8F9FB052EE0F1E8004A2584 /* Products */ = {
			isa = PBXGroup;
			children = (
				B8F9FB042EE0F1E8004A2584 /* SocialTen.app */,
			);
			name = Products;
			sourceTree = "<group>";
		};
		B8F9FB062EE0F1E8004A2584 /* SocialTen */ = {
			isa = PBXGroup;
			children = (
				B88172962F02F98B00923E9C /* Info.plist */,
				B88172952F02F95700923E9C /* SocialTen.entitlements */,
				B8F9FB072EE0F1E8004A2584 /* SocialTenApp.swift */,
				B88172972F02F9BD00923E9C /* NotificationManager.swift */,
				B8F9FB092EE0F1E8004A2584 /* ContentView.swift */,
				B8F08B4C2F004BA600F1CDE5 /* Badge.swift */,
				B8F08B4E2F004C4200F1CDE5 /* BadgeManager.swift */,
				B8F08B502F004C6800F1CDE5 /* BadgeViews.swift */,
				B8C99EB72EFE90A40050E1A3 /* EditProfileView.swift */,
				B8C99EB52EFE8D4C0050E1A3 /* TenPlusView.swift */,
				B8C99EA02EFE5BD80050E1A3 /* ThemeManager.swift */,
				B8FFBA4D2EFBECD8005B073B /* DatabaseModels.swift */,
				B8CD47702EEBC31600F2CC27 /* Vibe.swift */,
				B8F9FB152EE0F304004A2584 /* User.swift */,
				B8F9FB172EE0F31B004A2584 /* Rating.swift */,
				B8F9FB1B2EE0F33E004A2584 /* MainTabView.swift */,
				B831AD1F2EFBEA2800E7B1E7 /* SupabaseManager.swift */,
				B831AD212EFBEA4E00E7B1E7 /* AuthViewModel.swift */,
				B831AD232EFBEA6F00E7B1E7 /* AuthView.swift */,
				B8FFBA4F2EFBEF3D005B073B /* OnBoardingView.swift */,
				B831AD252EFBEA8D00E7B1E7 /* SupabaseAppViewModel.swift */,
				B8C99EA22EFE5C000050E1A3 /* Components */,
				B8F9FB1D2EE0F350004A2584 /* HomeView.swift */,
				B8C99EB12EFE5CAC0050E1A3 /* VibeTab.swift */,
				B8C99EB32EFE5CCC0050E1A3 /* FeedTab.swift */,
				B8B35A202EE2C1D3004A1258 /* CreatePostView.swift */,
				B8F9FB1F2EE0F35F004A2584 /* FriendsView.swift */,
				B88172992F030A8800923E9C /* NotificationSettingsView.swift */,
				B8B35A1A2EE2C117004A1258 /* Post.swift */,
				B8B35A1C2EE2C12F004A1258 /* FriendRequest.swift */,
				B8B35A1E2EE2C149004A1258 /* DailyPrompt.swift */,
				B8F9FB0B2EE0F1E9004A2584 /* Assets.xcassets */,
				B8F9FB0D2EE0F1E9004A2584 /* Preview Content */,
			);
			path = SocialTen;
			sourceTree = "<group>";
		};
		B8F9FB0D2EE0F1E9004A2584 /* Preview Content */ = {
			isa = PBXGroup;
			children = (
				B8F9FB0E2EE0F1E9004A2584 /* Preview Assets.xcassets */,
			);
			path = "Preview Content";
			sourceTree = "<group>";
		};
		B8FFBA4A2EFBEC97005B073B /* Frameworks */ = {
			isa = PBXGroup;
			children = (
			);
			name = Frameworks;
			sourceTree = "<group>";
		};
/* End PBXGroup section */

/* Begin PBXNativeTarget section */
		B8F9FB032EE0F1E8004A2584 /* SocialTen */ = {
			isa = PBXNativeTarget;
			buildConfigurationList = B8F9FB122EE0F1E9004A2584 /* Build configuration list for PBXNativeTarget "SocialTen" */;
			buildPhases = (
				B8F9FB002EE0F1E8004A2584 /* Sources */,
				B8F9FB012EE0F1E8004A2584 /* Frameworks */,
				B8F9FB022EE0F1E8004A2584 /* Resources */,
			);
			buildRules = (
			);
			dependencies = (
			);
			fileSystemSynchronizedGroups = (
				B8C99EA22EFE5C000050E1A3 /* Components */,
			);
			name = SocialTen;
			productName = SocialTen;
			productReference = B8F9FB042EE0F1E8004A2584 /* SocialTen.app */;
			productType = "com.apple.product-type.application";
		};
/* End PBXNativeTarget section */

/* Begin PBXProject section */
		B8F9FAFC2EE0F1E8004A2584 /* Project object */ = {
			isa = PBXProject;
			attributes = {
				BuildIndependentTargetsInParallel = 1;
				LastSwiftUpdateCheck = 1540;
				LastUpgradeCheck = 1540;
				TargetAttributes = {
					B8F9FB032EE0F1E8004A2584 = {
						CreatedOnToolsVersion = 15.4;
					};
				};
			};
			buildConfigurationList = B8F9FAFF2EE0F1E8004A2584 /* Build configuration list for PBXProject "SocialTen" */;
			compatibilityVersion = "Xcode 14.0";
			developmentRegion = en;
			hasScannedForEncodings = 0;
			knownRegions = (
				en,
				Base,
			);
			mainGroup = B8F9FAFB2EE0F1E8004A2584;
			packageReferences = (
				B831AD142EFBE82100E7B1E7 /* XCRemoteSwiftPackageReference "supabase-swift" */,
			);
			productRefGroup = B8F9FB052EE0F1E8004A2584 /* Products */;
			projectDirPath = "";
			projectRoot = "";
			targets = (
				B8F9FB032EE0F1E8004A2584 /* SocialTen */,
			);
		};
/* End PBXProject section */

/* Begin PBXResourcesBuildPhase section */
		B8F9FB022EE0F1E8004A2584 /* Resources */ = {
			isa = PBXResourcesBuildPhase;
			buildActionMask = 2147483647;
			files = (
				B8F9FB0F2EE0F1E9004A2584 /* Preview Assets.xcassets in Resources */,
				B8F9FB0C2EE0F1E9004A2584 /* Assets.xcassets in Resources */,
			);
			runOnlyForDeploymentPostprocessing = 0;
		};
/* End PBXResourcesBuildPhase section */

/* Begin PBXSourcesBuildPhase section */
		B8F9FB002EE0F1E8004A2584 /* Sources */ = {
			isa = PBXSourcesBuildPhase;
			buildActionMask = 2147483647;
			files = (
				B8C99EB22EFE5CAC0050E1A3 /* VibeTab.swift in Sources */,
				B8B35A1B2EE2C117004A1258 /* Post.swift in Sources */,
				B8FFBA502EFBEF3D005B073B /* OnBoardingView.swift in Sources */,
				B831AD202EFBEA2800E7B1E7 /* SupabaseManager.swift in Sources */,
				B881729A2F030A8800923E9C /* NotificationSettingsView.swift in Sources */,
				B8F9FB1E2EE0F350004A2584 /* HomeView.swift in Sources */,
				B831AD262EFBEA8D00E7B1E7 /* SupabaseAppViewModel.swift in Sources */,
				B831AD242EFBEA6F00E7B1E7 /* AuthView.swift in Sources */,
				B8F08B512F004C6800F1CDE5 /* BadgeViews.swift in Sources */,
				B831AD222EFBEA4E00E7B1E7 /* AuthViewModel.swift in Sources */,
				B8F9FB202EE0F35F004A2584 /* FriendsView.swift in Sources */,
				B8C99EA12EFE5BD80050E1A3 /* ThemeManager.swift in Sources */,
				B8C99EB82EFE90A40050E1A3 /* EditProfileView.swift in Sources */,
				B88172982F02F9BD00923E9C /* NotificationManager.swift in Sources */,
				B8C99EB42EFE5CCC0050E1A3 /* FeedTab.swift in Sources */,
				B8F9FB182EE0F31B004A2584 /* Rating.swift in Sources */,
				B8F9FB0A2EE0F1E8004A2584 /* ContentView.swift in Sources */,
				B8C99EB62EFE8D4C0050E1A3 /* TenPlusView.swift in Sources */,
				B8FFBA4E2EFBECD8005B073B /* DatabaseModels.swift in Sources */,
				B8B35A212EE2C1D3004A1258 /* CreatePostView.swift in Sources */,
				B8F9FB082EE0F1E8004A2584 /* SocialTenApp.swift in Sources */,
				B8F08B4D2F004BA600F1CDE5 /* Badge.swift in Sources */,
				B8F9FB162EE0F304004A2584 /* User.swift in Sources */,
				B8CD47712EEBC31600F2CC27 /* Vibe.swift in Sources */,
				B8F08B4F2F004C4200F1CDE5 /* BadgeManager.swift in Sources */,
				B8F9FB1C2EE0F33E004A2584 /* MainTabView.swift in Sources */,
				B8B35A1F2EE2C149004A1258 /* DailyPrompt.swift in Sources */,
				B8B35A1D2EE2C12F004A1258 /* FriendRequest.swift in Sources */,
			);
			runOnlyForDeploymentPostprocessing = 0;
		};
/* End PBXSourcesBuildPhase section */

/* Begin XCBuildConfiguration section */
		B8F9FB102EE0F1E9004A2584 /* Debug */ = {
			isa = XCBuildConfiguration;
			buildSettings = {
				ALWAYS_SEARCH_USER_PATHS = NO;
				ASSETCATALOG_COMPILER_GENERATE_SWIFT_ASSET_SYMBOL_EXTENSIONS = YES;
				CLANG_ANALYZER_NONNULL = YES;
				CLANG_ANALYZER_NUMBER_OBJECT_CONVERSION = YES_AGGRESSIVE;
				CLANG_CXX_LANGUAGE_STANDARD = "gnu++20";
				CLANG_ENABLE_MODULES = YES;
				CLANG_ENABLE_OBJC_ARC = YES;
				CLANG_ENABLE_OBJC_WEAK = YES;
				CLANG_WARN_BLOCK_CAPTURE_AUTORELEASING = YES;
				CLANG_WARN_BOOL_CONVERSION = YES;
				CLANG_WARN_COMMA = YES;
				CLANG_WARN_CONSTANT_CONVERSION = YES;
				CLANG_WARN_DEPRECATED_OBJC_IMPLEMENTATIONS = YES;
				CLANG_WARN_DIRECT_OBJC_ISA_USAGE = YES_ERROR;
				CLANG_WARN_DOCUMENTATION_COMMENTS = YES;
				CLANG_WARN_EMPTY_BODY = YES;
				CLANG_WARN_ENUM_CONVERSION = YES;
				CLANG_WARN_INFINITE_RECURSION = YES;
				CLANG_WARN_INT_CONVERSION = YES;
				CLANG_WARN_NON_LITERAL_NULL_CONVERSION = YES;
				CLANG_WARN_OBJC_IMPLICIT_RETAIN_SELF = YES;
				CLANG_WARN_OBJC_LITERAL_CONVERSION = YES;
				CLANG_WARN_OBJC_ROOT_CLASS = YES_ERROR;
				CLANG_WARN_QUOTED_INCLUDE_IN_FRAMEWORK_HEADER = YES;
				CLANG_WARN_RANGE_LOOP_ANALYSIS = YES;
				CLANG_WARN_STRICT_PROTOTYPES = YES;
				CLANG_WARN_SUSPICIOUS_MOVE = YES;
				CLANG_WARN_UNGUARDED_AVAILABILITY = YES_AGGRESSIVE;
				CLANG_WARN_UNREACHABLE_CODE = YES;
				CLANG_WARN__DUPLICATE_METHOD_MATCH = YES;
				COPY_PHASE_STRIP = NO;
				DEBUG_INFORMATION_FORMAT = dwarf;
				ENABLE_STRICT_OBJC_MSGSEND = YES;
				ENABLE_TESTABILITY = YES;
				ENABLE_USER_SCRIPT_SANDBOXING = YES;
				GCC_C_LANGUAGE_STANDARD = gnu17;
				GCC_DYNAMIC_NO_PIC = NO;
				GCC_NO_COMMON_BLOCKS = YES;
				GCC_OPTIMIZATION_LEVEL = 0;
				GCC_PREPROCESSOR_DEFINITIONS = (
					"DEBUG=1",
					"$(inherited)",
				);
				GCC_WARN_64_TO_32_BIT_CONVERSION = YES;
				GCC_WARN_ABOUT_RETURN_TYPE = YES_ERROR;
				GCC_WARN_UNDECLARED_SELECTOR = YES;
				GCC_WARN_UNINITIALIZED_AUTOS = YES_AGGRESSIVE;
				GCC_WARN_UNUSED_FUNCTION = YES;
				GCC_WARN_UNUSED_VARIABLE = YES;
				IPHONEOS_DEPLOYMENT_TARGET = 17.5;
				LOCALIZATION_PREFERS_STRING_CATALOGS = YES;
				MTL_ENABLE_DEBUG_INFO = INCLUDE_SOURCE;
				MTL_FAST_MATH = YES;
				ONLY_ACTIVE_ARCH = YES;
				SDKROOT = iphoneos;
				SWIFT_ACTIVE_COMPILATION_CONDITIONS = "DEBUG $(inherited)";
				SWIFT_OPTIMIZATION_LEVEL = "-Onone";
			};
			name = Debug;
		};
		B8F9FB112EE0F1E9004A2584 /* Release */ = {
			isa = XCBuildConfiguration;
			buildSettings = {
				ALWAYS_SEARCH_USER_PATHS = NO;
				ASSETCATALOG_COMPILER_GENERATE_SWIFT_ASSET_SYMBOL_EXTENSIONS = YES;
				CLANG_ANALYZER_NONNULL = YES;
				CLANG_ANALYZER_NUMBER_OBJECT_CONVERSION = YES_AGGRESSIVE;
				CLANG_CXX_LANGUAGE_STANDARD = "gnu++20";
				CLANG_ENABLE_MODULES = YES;
				CLANG_ENABLE_OBJC_ARC = YES;
				CLANG_ENABLE_OBJC_WEAK = YES;
				CLANG_WARN_BLOCK_CAPTURE_AUTORELEASING = YES;
				CLANG_WARN_BOOL_CONVERSION = YES;
				CLANG_WARN_COMMA = YES;
				CLANG_WARN_CONSTANT_CONVERSION = YES;
				CLANG_WARN_DEPRECATED_OBJC_IMPLEMENTATIONS = YES;
				CLANG_WARN_DIRECT_OBJC_ISA_USAGE = YES_ERROR;
				CLANG_WARN_DOCUMENTATION_COMMENTS = YES;
				CLANG_WARN_EMPTY_BODY = YES;
				CLANG_WARN_ENUM_CONVERSION = YES;
				CLANG_WARN_INFINITE_RECURSION = YES;
				CLANG_WARN_INT_CONVERSION = YES;
				CLANG_WARN_NON_LITERAL_NULL_CONVERSION = YES;
				CLANG_WARN_OBJC_IMPLICIT_RETAIN_SELF = YES;
				CLANG_WARN_OBJC_LITERAL_CONVERSION = YES;
				CLANG_WARN_OBJC_ROOT_CLASS = YES_ERROR;
				CLANG_WARN_QUOTED_INCLUDE_IN_FRAMEWORK_HEADER = YES;
				CLANG_WARN_RANGE_LOOP_ANALYSIS = YES;
				CLANG_WARN_STRICT_PROTOTYPES = YES;
				CLANG_WARN_SUSPICIOUS_MOVE = YES;
				CLANG_WARN_UNGUARDED_AVAILABILITY = YES_AGGRESSIVE;
				CLANG_WARN_UNREACHABLE_CODE = YES;
				CLANG_WARN__DUPLICATE_METHOD_MATCH = YES;
				COPY_PHASE_STRIP = NO;
				DEBUG_INFORMATION_FORMAT = "dwarf-with-dsym";
				ENABLE_NS_ASSERTIONS = NO;
				ENABLE_STRICT_OBJC_MSGSEND = YES;
				ENABLE_USER_SCRIPT_SANDBOXING = YES;
				GCC_C_LANGUAGE_STANDARD = gnu17;
				GCC_NO_COMMON_BLOCKS = YES;
				GCC_WARN_64_TO_32_BIT_CONVERSION = YES;
				GCC_WARN_ABOUT_RETURN_TYPE = YES_ERROR;
				GCC_WARN_UNDECLARED_SELECTOR = YES;
				GCC_WARN_UNINITIALIZED_AUTOS = YES_AGGRESSIVE;
				GCC_WARN_UNUSED_FUNCTION = YES;
				GCC_WARN_UNUSED_VARIABLE = YES;
				IPHONEOS_DEPLOYMENT_TARGET = 17.5;
				LOCALIZATION_PREFERS_STRING_CATALOGS = YES;
				MTL_ENABLE_DEBUG_INFO = NO;
				MTL_FAST_MATH = YES;
				SDKROOT = iphoneos;
				SWIFT_COMPILATION_MODE = wholemodule;
				VALIDATE_PRODUCT = YES;
			};
			name = Release;
		};
		B8F9FB132EE0F1E9004A2584 /* Debug */ = {
			isa = XCBuildConfiguration;
			buildSettings = {
				ASSETCATALOG_COMPILER_APPICON_NAME = AppIcon;
				ASSETCATALOG_COMPILER_GLOBAL_ACCENT_COLOR_NAME = AccentColor;
				CODE_SIGN_ENTITLEMENTS = SocialTen/SocialTen.entitlements;
				CODE_SIGN_STYLE = Automatic;
				CURRENT_PROJECT_VERSION = 1;
				DEVELOPMENT_ASSET_PATHS = "\"SocialTen/Preview Content\"";
				DEVELOPMENT_TEAM = NU22NG348K;
				ENABLE_PREVIEWS = YES;
				GENERATE_INFOPLIST_FILE = YES;
				INFOPLIST_FILE = SocialTen/Info.plist;
				INFOPLIST_KEY_CFBundleDisplayName = Ten;
				INFOPLIST_KEY_UIApplicationSceneManifest_Generation = YES;
				INFOPLIST_KEY_UIApplicationSupportsIndirectInputEvents = YES;
				INFOPLIST_KEY_UILaunchScreen_Generation = YES;
				INFOPLIST_KEY_UISupportedInterfaceOrientations_iPad = "UIInterfaceOrientationPortrait UIInterfaceOrientationPortraitUpsideDown UIInterfaceOrientationLandscapeLeft UIInterfaceOrientationLandscapeRight";
				INFOPLIST_KEY_UISupportedInterfaceOrientations_iPhone = "UIInterfaceOrientationPortrait UIInterfaceOrientationLandscapeLeft UIInterfaceOrientationLandscapeRight";
				LD_RUNPATH_SEARCH_PATHS = (
					"$(inherited)",
					"@executable_path/Frameworks",
				);
				MARKETING_VERSION = 1.0;
				PRODUCT_BUNDLE_IDENTIFIER = com.joealapatSocialTen;
				PRODUCT_NAME = "$(TARGET_NAME)";
				SWIFT_EMIT_LOC_STRINGS = YES;
				SWIFT_VERSION = 5.0;
				TARGETED_DEVICE_FAMILY = "1,2";
			};
			name = Debug;
		};
		B8F9FB142EE0F1E9004A2584 /* Release */ = {
			isa = XCBuildConfiguration;
			buildSettings = {
				ASSETCATALOG_COMPILER_APPICON_NAME = AppIcon;
				ASSETCATALOG_COMPILER_GLOBAL_ACCENT_COLOR_NAME = AccentColor;
				CODE_SIGN_ENTITLEMENTS = SocialTen/SocialTen.entitlements;
				CODE_SIGN_STYLE = Automatic;
				CURRENT_PROJECT_VERSION = 1;
				DEVELOPMENT_ASSET_PATHS = "\"SocialTen/Preview Content\"";
				DEVELOPMENT_TEAM = NU22NG348K;
				ENABLE_PREVIEWS = YES;
				GENERATE_INFOPLIST_FILE = YES;
				INFOPLIST_FILE = SocialTen/Info.plist;
				INFOPLIST_KEY_CFBundleDisplayName = Ten;
				INFOPLIST_KEY_UIApplicationSceneManifest_Generation = YES;
				INFOPLIST_KEY_UIApplicationSupportsIndirectInputEvents = YES;
				INFOPLIST_KEY_UILaunchScreen_Generation = YES;
				INFOPLIST_KEY_UISupportedInterfaceOrientations_iPad = "UIInterfaceOrientationPortrait UIInterfaceOrientationPortraitUpsideDown UIInterfaceOrientationLandscapeLeft UIInterfaceOrientationLandscapeRight";
				INFOPLIST_KEY_UISupportedInterfaceOrientations_iPhone = "UIInterfaceOrientationPortrait UIInterfaceOrientationLandscapeLeft UIInterfaceOrientationLandscapeRight";
				LD_RUNPATH_SEARCH_PATHS = (
					"$(inherited)",
					"@executable_path/Frameworks",
				);
				MARKETING_VERSION = 1.0;
				PRODUCT_BUNDLE_IDENTIFIER = com.joealapatSocialTen;
				PRODUCT_NAME = "$(TARGET_NAME)";
				SWIFT_EMIT_LOC_STRINGS = YES;
				SWIFT_VERSION = 5.0;
				TARGETED_DEVICE_FAMILY = "1,2";
			};
			name = Release;
		};
/* End XCBuildConfiguration section */

/* Begin XCConfigurationList section */
		B8F9FAFF2EE0F1E8004A2584 /* Build configuration list for PBXProject "SocialTen" */ = {
			isa = XCConfigurationList;
			buildConfigurations = (
				B8F9FB102EE0F1E9004A2584 /* Debug */,
				B8F9FB112EE0F1E9004A2584 /* Release */,
			);
			defaultConfigurationIsVisible = 0;
			defaultConfigurationName = Release;
		};
		B8F9FB122EE0F1E9004A2584 /* Build configuration list for PBXNativeTarget "SocialTen" */ = {
			isa = XCConfigurationList;
			buildConfigurations = (
				B8F9FB132EE0F1E9004A2584 /* Debug */,
				B8F9FB142EE0F1E9004A2584 /* Release */,
			);
			defaultConfigurationIsVisible = 0;
			defaultConfigurationName = Release;
		};
/* End XCConfigurationList section */

/* Begin XCRemoteSwiftPackageReference section */
		B831AD142EFBE82100E7B1E7 /* XCRemoteSwiftPackageReference "supabase-swift" */ = {
			isa = XCRemoteSwiftPackageReference;
			repositoryURL = "https://github.com/supabase/supabase-swift";
			requirement = {
				kind = upToNextMajorVersion;
				minimumVersion = 2.5.1;
			};
		};
/* End XCRemoteSwiftPackageReference section */

/* Begin XCSwiftPackageProductDependency section */
		B831AD152EFBE82100E7B1E7 /* Auth */ = {
			isa = XCSwiftPackageProductDependency;
			package = B831AD142EFBE82100E7B1E7 /* XCRemoteSwiftPackageReference "supabase-swift" */;
			productName = Auth;
		};
		B831AD172EFBE82100E7B1E7 /* Functions */ = {
			isa = XCSwiftPackageProductDependency;
			package = B831AD142EFBE82100E7B1E7 /* XCRemoteSwiftPackageReference "supabase-swift" */;
			productName = Functions;
		};
		B831AD192EFBE82100E7B1E7 /* PostgREST */ = {
			isa = XCSwiftPackageProductDependency;
			package = B831AD142EFBE82100E7B1E7 /* XCRemoteSwiftPackageReference "supabase-swift" */;
			productName = PostgREST;
		};
		B831AD1B2EFBE82100E7B1E7 /* Realtime */ = {
			isa = XCSwiftPackageProductDependency;
			package = B831AD142EFBE82100E7B1E7 /* XCRemoteSwiftPackageReference "supabase-swift" */;
			productName = Realtime;
		};
		B831AD1D2EFBE82100E7B1E7 /* Storage */ = {
			isa = XCSwiftPackageProductDependency;
			package = B831AD142EFBE82100E7B1E7 /* XCRemoteSwiftPackageReference "supabase-swift" */;
			productName = Storage;
		};
		B8FFBA4B2EFBEC97005B073B /* Supabase */ = {
			isa = XCSwiftPackageProductDependency;
			package = B831AD142EFBE82100E7B1E7 /* XCRemoteSwiftPackageReference "supabase-swift" */;
			productName = Supabase;
		};
/* End XCSwiftPackageProductDependency section */
	};
	rootObject = B8F9FAFC2EE0F1E8004A2584 /* Project object */;
}
