// !$*UTF8*$!
{
	archiveVersion = 1;
	classes = {
	};
	objectVersion = 70;
	objects = {

/* Begin PBXBuildFile section */
		B800381F2F131114007CC449 /* CheckInManager.swift in Sources */ = {isa = PBXBuildFile; fileRef = B800381C2F131114007CC449 /* CheckInManager.swift */; };
		B80038202F131114007CC449 /* CheckInAlertView.swift in Sources */ = {isa = PBXBuildFile; fileRef = B800381B2F131114007CC449 /* CheckInAlertView.swift */; };
		B80038212F131114007CC449 /* CheckInWalkthroughView.swift in Sources */ = {isa = PBXBuildFile; fileRef = B800381D2F131114007CC449 /* CheckInWalkthroughView.swift */; };
		B80038232F131F49007CC449 /* SupportReceivedView.swift in Sources */ = {isa = PBXBuildFile; fileRef = B80038222F131F49007CC449 /* SupportReceivedView.swift */; };
		B831AD162EFBE82100E7B1E7 /* Auth in Frameworks */ = {isa = PBXBuildFile; productRef = B831AD152EFBE82100E7B1E7 /* Auth */; };
		B831AD182EFBE82100E7B1E7 /* Functions in Frameworks */ = {isa = PBXBuildFile; productRef = B831AD172EFBE82100E7B1E7 /* Functions */; };
		B831AD1A2EFBE82100E7B1E7 /* PostgREST in Frameworks */ = {isa = PBXBuildFile; productRef = B831AD192EFBE82100E7B1E7 /* PostgREST */; };
		B831AD1C2EFBE82100E7B1E7 /* Realtime in Frameworks */ = {isa = PBXBuildFile; productRef = B831AD1B2EFBE82100E7B1E7 /* Realtime */; };
		B831AD1E2EFBE82100E7B1E7 /* Storage in Frameworks */ = {isa = PBXBuildFile; productRef = B831AD1D2EFBE82100E7B1E7 /* Storage */; };
		B831AD202EFBEA2800E7B1E7 /* Supabase/SupabaseManager.swift in Sources */ = {isa = PBXBuildFile; fileRef = B831AD1F2EFBEA2800E7B1E7 /* Supabase/SupabaseManager.swift */; };
		B831AD222EFBEA4E00E7B1E7 /* Authorization/AuthViewModel.swift in Sources */ = {isa = PBXBuildFile; fileRef = B831AD212EFBEA4E00E7B1E7 /* Authorization/AuthViewModel.swift */; };
		B831AD242EFBEA6F00E7B1E7 /* Authorization/AuthView.swift in Sources */ = {isa = PBXBuildFile; fileRef = B831AD232EFBEA6F00E7B1E7 /* Authorization/AuthView.swift */; };
		B831AD262EFBEA8D00E7B1E7 /* Supabase/SupabaseAppViewModel.swift in Sources */ = {isa = PBXBuildFile; fileRef = B831AD252EFBEA8D00E7B1E7 /* Supabase/SupabaseAppViewModel.swift */; };
		B83FBD882F12ED4C000005BF /* WidgetManager.swift in Sources */ = {isa = PBXBuildFile; fileRef = B83FBD862F12ED4C000005BF /* WidgetManager.swift */; };
		B83FBD932F12EDB6000005BF /* WidgetKit.framework in Frameworks */ = {isa = PBXBuildFile; fileRef = B83FBD922F12EDB6000005BF /* WidgetKit.framework */; };
		B83FBD952F12EDB6000005BF /* SwiftUI.framework in Frameworks */ = {isa = PBXBuildFile; fileRef = B83FBD942F12EDB6000005BF /* SwiftUI.framework */; };
		B83FBDA22F12EDB6000005BF /* TenWidgetExtension.appex in Embed Foundation Extensions */ = {isa = PBXBuildFile; fileRef = B83FBD912F12EDB5000005BF /* TenWidgetExtension.appex */; settings = {ATTRIBUTES = (RemoveHeadersOnCopy, ); }; };
		B85383A12F0C411500E18824 /* Settings/PremiumManager.swift in Sources */ = {isa = PBXBuildFile; fileRef = B85383A02F0C411500E18824 /* Settings/PremiumManager.swift */; };
		B85383A42F0C49C400E18824 /* Friends/FriendshipScore.swift in Sources */ = {isa = PBXBuildFile; fileRef = B85383A32F0C49C400E18824 /* Friends/FriendshipScore.swift */; };
		B88172982F02F9BD00923E9C /* Settings/NotificationManager.swift in Sources */ = {isa = PBXBuildFile; fileRef = B88172972F02F9BD00923E9C /* Settings/NotificationManager.swift */; };
		B881729A2F030A8800923E9C /* Settings/NotificationSettingsView.swift in Sources */ = {isa = PBXBuildFile; fileRef = B88172992F030A8800923E9C /* Settings/NotificationSettingsView.swift */; };
		B88E3D732F128BB2009649FE /* ConversationManager.swift in Sources */ = {isa = PBXBuildFile; fileRef = B88E3D6F2F128BB2009649FE /* ConversationManager.swift */; };
		B88E3D742F128BB2009649FE /* ChatView.swift in Sources */ = {isa = PBXBuildFile; fileRef = B88E3D6E2F128BB2009649FE /* ChatView.swift */; };
		B88E3D752F128BB2009649FE /* Message.swift in Sources */ = {isa = PBXBuildFile; fileRef = B88E3D702F128BB2009649FE /* Message.swift */; };
		B88E3D762F128BB2009649FE /* MessagesListView.swift in Sources */ = {isa = PBXBuildFile; fileRef = B88E3D712F128BB2009649FE /* MessagesListView.swift */; };
		B8A8FD032F1D6DBC0017A398 /* FeedbackView.swift in Sources */ = {isa = PBXBuildFile; fileRef = B8A8FD022F1D6DBC0017A398 /* FeedbackView.swift */; };
		B8A8FD0A2F1D7C530017A398 /* DeveloperChangelogView.swift in Sources */ = {isa = PBXBuildFile; fileRef = B8A8FD092F1D7C530017A398 /* DeveloperChangelogView.swift */; };
		B8A8FD0B2F1D7C530017A398 /* ChangelogView.swift in Sources */ = {isa = PBXBuildFile; fileRef = B8A8FD082F1D7C530017A398 /* ChangelogView.swift */; };
		B8B35A1B2EE2C117004A1258 /* Feed/Post.swift in Sources */ = {isa = PBXBuildFile; fileRef = B8B35A1A2EE2C117004A1258 /* Feed/Post.swift */; };
		B8B35A1D2EE2C12F004A1258 /* Friends/FriendRequest.swift in Sources */ = {isa = PBXBuildFile; fileRef = B8B35A1C2EE2C12F004A1258 /* Friends/FriendRequest.swift */; };
		B8B35A1F2EE2C149004A1258 /* Home/DailyPrompt.swift in Sources */ = {isa = PBXBuildFile; fileRef = B8B35A1E2EE2C149004A1258 /* Home/DailyPrompt.swift */; };
		B8B35A212EE2C1D3004A1258 /* Feed/CreatePostView.swift in Sources */ = {isa = PBXBuildFile; fileRef = B8B35A202EE2C1D3004A1258 /* Feed/CreatePostView.swift */; };
		B8C99EA12EFE5BD80050E1A3 /* Settings/ThemeManager.swift in Sources */ = {isa = PBXBuildFile; fileRef = B8C99EA02EFE5BD80050E1A3 /* Settings/ThemeManager.swift */; };
		B8C99EB22EFE5CAC0050E1A3 /* Vibe/VibeTab.swift in Sources */ = {isa = PBXBuildFile; fileRef = B8C99EB12EFE5CAC0050E1A3 /* Vibe/VibeTab.swift */; };
		B8C99EB42EFE5CCC0050E1A3 /* Feed/FeedTab.swift in Sources */ = {isa = PBXBuildFile; fileRef = B8C99EB32EFE5CCC0050E1A3 /* Feed/FeedTab.swift */; };
		B8C99EB62EFE8D4C0050E1A3 /* TenPlusView.swift in Sources */ = {isa = PBXBuildFile; fileRef = B8C99EB52EFE8D4C0050E1A3 /* TenPlusView.swift */; };
		B8C99EB82EFE90A40050E1A3 /* Settings/EditProfileView.swift in Sources */ = {isa = PBXBuildFile; fileRef = B8C99EB72EFE90A40050E1A3 /* Settings/EditProfileView.swift */; };
		B8CD47712EEBC31600F2CC27 /* Vibe/Vibe.swift in Sources */ = {isa = PBXBuildFile; fileRef = B8CD47702EEBC31600F2CC27 /* Vibe/Vibe.swift */; };
		B8D987432F1C70310048E537 /* DeveloperStatsView.swift in Sources */ = {isa = PBXBuildFile; fileRef = B8D987412F1C70310048E537 /* DeveloperStatsView.swift */; };
		B8D987442F1C70310048E537 /* DeveloperConfig.swift in Sources */ = {isa = PBXBuildFile; fileRef = B8D9873F2F1C70310048E537 /* DeveloperConfig.swift */; };
		B8D987452F1C70310048E537 /* DeveloperFeedbackView.swift in Sources */ = {isa = PBXBuildFile; fileRef = B8D987402F1C70310048E537 /* DeveloperFeedbackView.swift */; };
		B8F08B4D2F004BA600F1CDE5 /* Badges/Badge.swift in Sources */ = {isa = PBXBuildFile; fileRef = B8F08B4C2F004BA600F1CDE5 /* Badges/Badge.swift */; };
		B8F08B4F2F004C4200F1CDE5 /* Badges/BadgeManager.swift in Sources */ = {isa = PBXBuildFile; fileRef = B8F08B4E2F004C4200F1CDE5 /* Badges/BadgeManager.swift */; };
		B8F08B512F004C6800F1CDE5 /* Badges/BadgeViews.swift in Sources */ = {isa = PBXBuildFile; fileRef = B8F08B502F004C6800F1CDE5 /* Badges/BadgeViews.swift */; };
		B8F9FB082EE0F1E8004A2584 /* SocialTenApp.swift in Sources */ = {isa = PBXBuildFile; fileRef = B8F9FB072EE0F1E8004A2584 /* SocialTenApp.swift */; };
		B8F9FB0A2EE0F1E8004A2584 /* ContentView.swift in Sources */ = {isa = PBXBuildFile; fileRef = B8F9FB092EE0F1E8004A2584 /* ContentView.swift */; };
		B8F9FB0C2EE0F1E9004A2584 /* Assets.xcassets in Resources */ = {isa = PBXBuildFile; fileRef = B8F9FB0B2EE0F1E9004A2584 /* Assets.xcassets */; };
		B8F9FB0F2EE0F1E9004A2584 /* Preview Assets.xcassets in Resources */ = {isa = PBXBuildFile; fileRef = B8F9FB0E2EE0F1E9004A2584 /* Preview Assets.xcassets */; };
		B8F9FB162EE0F304004A2584 /* Settings/User.swift in Sources */ = {isa = PBXBuildFile; fileRef = B8F9FB152EE0F304004A2584 /* Settings/User.swift */; };
		B8F9FB182EE0F31B004A2584 /* Home/Rating.swift in Sources */ = {isa = PBXBuildFile; fileRef = B8F9FB172EE0F31B004A2584 /* Home/Rating.swift */; };
		B8F9FB1C2EE0F33E004A2584 /* MainTabView.swift in Sources */ = {isa = PBXBuildFile; fileRef = B8F9FB1B2EE0F33E004A2584 /* MainTabView.swift */; };
		B8F9FB1E2EE0F350004A2584 /* Home/HomeView.swift in Sources */ = {isa = PBXBuildFile; fileRef = B8F9FB1D2EE0F350004A2584 /* Home/HomeView.swift */; };
		B8F9FB202EE0F35F004A2584 /* Friends/FriendsView.swift in Sources */ = {isa = PBXBuildFile; fileRef = B8F9FB1F2EE0F35F004A2584 /* Friends/FriendsView.swift */; };
		B8FFBA4C2EFBEC97005B073B /* Supabase in Frameworks */ = {isa = PBXBuildFile; productRef = B8FFBA4B2EFBEC97005B073B /* Supabase */; };
		B8FFBA4E2EFBECD8005B073B /* Supabase/DatabaseModels.swift in Sources */ = {isa = PBXBuildFile; fileRef = B8FFBA4D2EFBECD8005B073B /* Supabase/DatabaseModels.swift */; };
		B8FFBA502EFBEF3D005B073B /* Authorization/OnBoardingView.swift in Sources */ = {isa = PBXBuildFile; fileRef = B8FFBA4F2EFBEF3D005B073B /* Authorization/OnBoardingView.swift */; };
/* End PBXBuildFile section */

/* Begin PBXContainerItemProxy section */
		B83FBDA02F12EDB6000005BF /* PBXContainerItemProxy */ = {
			isa = PBXContainerItemProxy;
			containerPortal = B8F9FAFC2EE0F1E8004A2584 /* Project object */;
			proxyType = 1;
			remoteGlobalIDString = B83FBD902F12EDB5000005BF;
			remoteInfo = TenWidgetExtension;
		};
/* End PBXContainerItemProxy section */

/* Begin PBXCopyFilesBuildPhase section */
		B83FBDA72F12EDB6000005BF /* Embed Foundation Extensions */ = {
			isa = PBXCopyFilesBuildPhase;
			buildActionMask = 2147483647;
			dstPath = "";
			dstSubfolderSpec = 13;
			files = (
				B83FBDA22F12EDB6000005BF /* TenWidgetExtension.appex in Embed Foundation Extensions */,
			);
			name = "Embed Foundation Extensions";
			runOnlyForDeploymentPostprocessing = 0;
		};
/* End PBXCopyFilesBuildPhase section */

/* Begin PBXFileReference section */
		B800381B2F131114007CC449 /* CheckInAlertView.swift */ = {isa = PBXFileReference; lastKnownFileType = sourcecode.swift; path = CheckInAlertView.swift; sourceTree = "<group>"; };
		B800381C2F131114007CC449 /* CheckInManager.swift */ = {isa = PBXFileReference; lastKnownFileType = sourcecode.swift; path = CheckInManager.swift; sourceTree = "<group>"; };
		B800381D2F131114007CC449 /* CheckInWalkthroughView.swift */ = {isa = PBXFileReference; lastKnownFileType = sourcecode.swift; path = CheckInWalkthroughView.swift; sourceTree = "<group>"; };
		B80038222F131F49007CC449 /* SupportReceivedView.swift */ = {isa = PBXFileReference; lastKnownFileType = sourcecode.swift; path = SupportReceivedView.swift; sourceTree = "<group>"; };
		B831AD1F2EFBEA2800E7B1E7 /* Supabase/SupabaseManager.swift */ = {isa = PBXFileReference; lastKnownFileType = sourcecode.swift; path = Supabase/SupabaseManager.swift; sourceTree = "<group>"; };
		B831AD212EFBEA4E00E7B1E7 /* Authorization/AuthViewModel.swift */ = {isa = PBXFileReference; lastKnownFileType = sourcecode.swift; path = Authorization/AuthViewModel.swift; sourceTree = "<group>"; };
		B831AD232EFBEA6F00E7B1E7 /* Authorization/AuthView.swift */ = {isa = PBXFileReference; lastKnownFileType = sourcecode.swift; path = Authorization/AuthView.swift; sourceTree = "<group>"; };
		B831AD252EFBEA8D00E7B1E7 /* Supabase/SupabaseAppViewModel.swift */ = {isa = PBXFileReference; lastKnownFileType = sourcecode.swift; path = Supabase/SupabaseAppViewModel.swift; sourceTree = "<group>"; };
		B83FBD862F12ED4C000005BF /* WidgetManager.swift */ = {isa = PBXFileReference; lastKnownFileType = sourcecode.swift; path = WidgetManager.swift; sourceTree = "<group>"; };
		B83FBD912F12EDB5000005BF /* TenWidgetExtension.appex */ = {isa = PBXFileReference; explicitFileType = "wrapper.app-extension"; includeInIndex = 0; path = TenWidgetExtension.appex; sourceTree = BUILT_PRODUCTS_DIR; };
		B83FBD922F12EDB6000005BF /* WidgetKit.framework */ = {isa = PBXFileReference; lastKnownFileType = wrapper.framework; name = WidgetKit.framework; path = System/Library/Frameworks/WidgetKit.framework; sourceTree = SDKROOT; };
		B83FBD942F12EDB6000005BF /* SwiftUI.framework */ = {isa = PBXFileReference; lastKnownFileType = wrapper.framework; name = SwiftUI.framework; path = System/Library/Frameworks/SwiftUI.framework; sourceTree = SDKROOT; };
		B83FBDA92F12F00B000005BF /* TenWidgetExtension.entitlements */ = {isa = PBXFileReference; lastKnownFileType = text.plist.entitlements; path = TenWidgetExtension.entitlements; sourceTree = "<group>"; };
		B85383A02F0C411500E18824 /* Settings/PremiumManager.swift */ = {isa = PBXFileReference; lastKnownFileType = sourcecode.swift; path = Settings/PremiumManager.swift; sourceTree = "<group>"; };
		B85383A22F0C438500E18824 /* SocialTen.xctestplan */ = {isa = PBXFileReference; lastKnownFileType = text; path = SocialTen.xctestplan; sourceTree = SOURCE_ROOT; };
		B85383A32F0C49C400E18824 /* Friends/FriendshipScore.swift */ = {isa = PBXFileReference; lastKnownFileType = sourcecode.swift; path = Friends/FriendshipScore.swift; sourceTree = "<group>"; };
		B88172952F02F95700923E9C /* SocialTen.entitlements */ = {isa = PBXFileReference; lastKnownFileType = text.plist.entitlements; path = SocialTen.entitlements; sourceTree = "<group>"; };
		B88172962F02F98B00923E9C /* Info.plist */ = {isa = PBXFileReference; lastKnownFileType = text.plist; path = Info.plist; sourceTree = "<group>"; };
		B88172972F02F9BD00923E9C /* Settings/NotificationManager.swift */ = {isa = PBXFileReference; lastKnownFileType = sourcecode.swift; path = Settings/NotificationManager.swift; sourceTree = "<group>"; };
		B88172992F030A8800923E9C /* Settings/NotificationSettingsView.swift */ = {isa = PBXFileReference; lastKnownFileType = sourcecode.swift; path = Settings/NotificationSettingsView.swift; sourceTree = "<group>"; };
		B88E3D6E2F128BB2009649FE /* ChatView.swift */ = {isa = PBXFileReference; lastKnownFileType = sourcecode.swift; path = ChatView.swift; sourceTree = "<group>"; };
		B88E3D6F2F128BB2009649FE /* ConversationManager.swift */ = {isa = PBXFileReference; lastKnownFileType = sourcecode.swift; path = ConversationManager.swift; sourceTree = "<group>"; };
		B88E3D702F128BB2009649FE /* Message.swift */ = {isa = PBXFileReference; lastKnownFileType = sourcecode.swift; path = Message.swift; sourceTree = "<group>"; };
		B88E3D712F128BB2009649FE /* MessagesListView.swift */ = {isa = PBXFileReference; lastKnownFileType = sourcecode.swift; path = MessagesListView.swift; sourceTree = "<group>"; };
		B8A8FD022F1D6DBC0017A398 /* FeedbackView.swift */ = {isa = PBXFileReference; lastKnownFileType = sourcecode.swift; path = FeedbackView.swift; sourceTree = "<group>"; };
		B8A8FD082F1D7C530017A398 /* ChangelogView.swift */ = {isa = PBXFileReference; lastKnownFileType = sourcecode.swift; path = ChangelogView.swift; sourceTree = "<group>"; };
		B8A8FD092F1D7C530017A398 /* DeveloperChangelogView.swift */ = {isa = PBXFileReference; lastKnownFileType = sourcecode.swift; path = DeveloperChangelogView.swift; sourceTree = "<group>"; };
		B8B35A1A2EE2C117004A1258 /* Feed/Post.swift */ = {isa = PBXFileReference; lastKnownFileType = sourcecode.swift; path = Feed/Post.swift; sourceTree = "<group>"; };
		B8B35A1C2EE2C12F004A1258 /* Friends/FriendRequest.swift */ = {isa = PBXFileReference; lastKnownFileType = sourcecode.swift; path = Friends/FriendRequest.swift; sourceTree = "<group>"; };
		B8B35A1E2EE2C149004A1258 /* Home/DailyPrompt.swift */ = {isa = PBXFileReference; lastKnownFileType = sourcecode.swift; path = Home/DailyPrompt.swift; sourceTree = "<group>"; };
		B8B35A202EE2C1D3004A1258 /* Feed/CreatePostView.swift */ = {isa = PBXFileReference; lastKnownFileType = sourcecode.swift; path = Feed/CreatePostView.swift; sourceTree = "<group>"; };
		B8C99EA02EFE5BD80050E1A3 /* Settings/ThemeManager.swift */ = {isa = PBXFileReference; lastKnownFileType = sourcecode.swift; path = Settings/ThemeManager.swift; sourceTree = "<group>"; };
		B8C99EB12EFE5CAC0050E1A3 /* Vibe/VibeTab.swift */ = {isa = PBXFileReference; lastKnownFileType = sourcecode.swift; path = Vibe/VibeTab.swift; sourceTree = "<group>"; };
		B8C99EB32EFE5CCC0050E1A3 /* Feed/FeedTab.swift */ = {isa = PBXFileReference; lastKnownFileType = sourcecode.swift; path = Feed/FeedTab.swift; sourceTree = "<group>"; };
		B8C99EB52EFE8D4C0050E1A3 /* TenPlusView.swift */ = {isa = PBXFileReference; lastKnownFileType = sourcecode.swift; path = TenPlusView.swift; sourceTree = "<group>"; };
		B8C99EB72EFE90A40050E1A3 /* Settings/EditProfileView.swift */ = {isa = PBXFileReference; lastKnownFileType = sourcecode.swift; path = Settings/EditProfileView.swift; sourceTree = "<group>"; };
		B8CD47702EEBC31600F2CC27 /* Vibe/Vibe.swift */ = {isa = PBXFileReference; lastKnownFileType = sourcecode.swift; path = Vibe/Vibe.swift; sourceTree = "<group>"; };
		B8D9873F2F1C70310048E537 /* DeveloperConfig.swift */ = {isa = PBXFileReference; lastKnownFileType = sourcecode.swift; path = DeveloperConfig.swift; sourceTree = "<group>"; };
		B8D987402F1C70310048E537 /* DeveloperFeedbackView.swift */ = {isa = PBXFileReference; lastKnownFileType = sourcecode.swift; path = DeveloperFeedbackView.swift; sourceTree = "<group>"; };
		B8D987412F1C70310048E537 /* DeveloperStatsView.swift */ = {isa = PBXFileReference; lastKnownFileType = sourcecode.swift; path = DeveloperStatsView.swift; sourceTree = "<group>"; };
		B8F08B4C2F004BA600F1CDE5 /* Badges/Badge.swift */ = {isa = PBXFileReference; lastKnownFileType = sourcecode.swift; path = Badges/Badge.swift; sourceTree = "<group>"; };
		B8F08B4E2F004C4200F1CDE5 /* Badges/BadgeManager.swift */ = {isa = PBXFileReference; lastKnownFileType = sourcecode.swift; path = Badges/BadgeManager.swift; sourceTree = "<group>"; };
		B8F08B502F004C6800F1CDE5 /* Badges/BadgeViews.swift */ = {isa = PBXFileReference; lastKnownFileType = sourcecode.swift; path = Badges/BadgeViews.swift; sourceTree = "<group>"; };
		B8F9FB042EE0F1E8004A2584 /* SocialTen.app */ = {isa = PBXFileReference; explicitFileType = wrapper.application; includeInIndex = 0; path = SocialTen.app; sourceTree = BUILT_PRODUCTS_DIR; };
		B8F9FB072EE0F1E8004A2584 /* SocialTenApp.swift */ = {isa = PBXFileReference; lastKnownFileType = sourcecode.swift; path = SocialTenApp.swift; sourceTree = "<group>"; };
		B8F9FB092EE0F1E8004A2584 /* ContentView.swift */ = {isa = PBXFileReference; lastKnownFileType = sourcecode.swift; path = ContentView.swift; sourceTree = "<group>"; };
		B8F9FB0B2EE0F1E9004A2584 /* Assets.xcassets */ = {isa = PBXFileReference; lastKnownFileType = folder.assetcatalog; path = Assets.xcassets; sourceTree = "<group>"; };
		B8F9FB0E2EE0F1E9004A2584 /* Preview Assets.xcassets */ = {isa = PBXFileReference; lastKnownFileType = folder.assetcatalog; path = "Preview Assets.xcassets"; sourceTree = "<group>"; };
		B8F9FB152EE0F304004A2584 /* Settings/User.swift */ = {isa = PBXFileReference; lastKnownFileType = sourcecode.swift; path = Settings/User.swift; sourceTree = "<group>"; };
		B8F9FB172EE0F31B004A2584 /* Home/Rating.swift */ = {isa = PBXFileReference; lastKnownFileType = sourcecode.swift; path = Home/Rating.swift; sourceTree = "<group>"; };
		B8F9FB1B2EE0F33E004A2584 /* MainTabView.swift */ = {isa = PBXFileReference; lastKnownFileType = sourcecode.swift; path = MainTabView.swift; sourceTree = "<group>"; };
		B8F9FB1D2EE0F350004A2584 /* Home/HomeView.swift */ = {isa = PBXFileReference; lastKnownFileType = sourcecode.swift; path = Home/HomeView.swift; sourceTree = "<group>"; };
		B8F9FB1F2EE0F35F004A2584 /* Friends/FriendsView.swift */ = {isa = PBXFileReference; lastKnownFileType = sourcecode.swift; path = Friends/FriendsView.swift; sourceTree = "<group>"; };
		B8FFBA4D2EFBECD8005B073B /* Supabase/DatabaseModels.swift */ = {isa = PBXFileReference; lastKnownFileType = sourcecode.swift; path = Supabase/DatabaseModels.swift; sourceTree = "<group>"; };
		B8FFBA4F2EFBEF3D005B073B /* Authorization/OnBoardingView.swift */ = {isa = PBXFileReference; lastKnownFileType = sourcecode.swift; path = Authorization/OnBoardingView.swift; sourceTree = "<group>"; };
/* End PBXFileReference section */

/* Begin PBXFileSystemSynchronizedBuildFileExceptionSet section */
		B83FBDA32F12EDB6000005BF /* PBXFileSystemSynchronizedBuildFileExceptionSet */ = {
			isa = PBXFileSystemSynchronizedBuildFileExceptionSet;
			membershipExceptions = (
				Info.plist,
			);
			target = B83FBD902F12EDB5000005BF /* TenWidgetExtension */;
		};
/* End PBXFileSystemSynchronizedBuildFileExceptionSet section */

/* Begin PBXFileSystemSynchronizedRootGroup section */
		B83FBD962F12EDB6000005BF /* TenWidget */ = {isa = PBXFileSystemSynchronizedRootGroup; exceptions = (B83FBDA32F12EDB6000005BF /* PBXFileSystemSynchronizedBuildFileExceptionSet */, ); explicitFileTypes = {}; explicitFolders = (); path = TenWidget; sourceTree = "<group>"; };
		B8C99EA22EFE5C000050E1A3 /* Components */ = {isa = PBXFileSystemSynchronizedRootGroup; explicitFileTypes = {}; explicitFolders = (); path = Components; sourceTree = "<group>"; };
/* End PBXFileSystemSynchronizedRootGroup section */

/* Begin PBXFrameworksBuildPhase section */
		B83FBD8E2F12EDB5000005BF /* Frameworks */ = {
			isa = PBXFrameworksBuildPhase;
			buildActionMask = 2147483647;
			files = (
				B83FBD952F12EDB6000005BF /* SwiftUI.framework in Frameworks */,
				B83FBD932F12EDB6000005BF /* WidgetKit.framework in Frameworks */,
			);
			runOnlyForDeploymentPostprocessing = 0;
		};
		B8F9FB012EE0F1E8004A2584 /* Frameworks */ = {
			isa = PBXFrameworksBuildPhase;
			buildActionMask = 2147483647;
			files = (
				B831AD1A2EFBE82100E7B1E7 /* PostgREST in Frameworks */,
				B831AD182EFBE82100E7B1E7 /* Functions in Frameworks */,
				B8FFBA4C2EFBEC97005B073B /* Supabase in Frameworks */,
				B831AD162EFBE82100E7B1E7 /* Auth in Frameworks */,
				B831AD1E2EFBE82100E7B1E7 /* Storage in Frameworks */,
				B831AD1C2EFBE82100E7B1E7 /* Realtime in Frameworks */,
			);
			runOnlyForDeploymentPostprocessing = 0;
		};
/* End PBXFrameworksBuildPhase section */

/* Begin PBXGroup section */
		B800381E2F131114007CC449 /* CheckIn */ = {
			isa = PBXGroup;
			children = (
				B80038222F131F49007CC449 /* SupportReceivedView.swift */,
				B800381B2F131114007CC449 /* CheckInAlertView.swift */,
				B800381C2F131114007CC449 /* CheckInManager.swift */,
				B800381D2F131114007CC449 /* CheckInWalkthroughView.swift */,
			);
			path = CheckIn;
			sourceTree = "<group>";
		};
		B83FBD872F12ED4C000005BF /* Widget */ = {
			isa = PBXGroup;
			children = (
				B83FBD862F12ED4C000005BF /* WidgetManager.swift */,
			);
			path = Widget;
			sourceTree = "<group>";
		};
		B88E3D722F128BB2009649FE /* Messages */ = {
			isa = PBXGroup;
			children = (
				B88E3D6E2F128BB2009649FE /* ChatView.swift */,
				B88E3D6F2F128BB2009649FE /* ConversationManager.swift */,
				B88E3D702F128BB2009649FE /* Message.swift */,
				B88E3D712F128BB2009649FE /* MessagesListView.swift */,
			);
			path = Messages;
			sourceTree = "<group>";
		};
		B8D987422F1C70310048E537 /* Developer */ = {
			isa = PBXGroup;
			children = (
				B8A8FD082F1D7C530017A398 /* ChangelogView.swift */,
				B8A8FD092F1D7C530017A398 /* DeveloperChangelogView.swift */,
				B8A8FD022F1D6DBC0017A398 /* FeedbackView.swift */,
				B8D9873F2F1C70310048E537 /* DeveloperConfig.swift */,
				B8D987402F1C70310048E537 /* DeveloperFeedbackView.swift */,
				B8D987412F1C70310048E537 /* DeveloperStatsView.swift */,
			);
			path = Developer;
			sourceTree = "<group>";
		};
		B8F9FAFB2EE0F1E8004A2584 = {
			isa = PBXGroup;
			children = (
				B83FBDA92F12F00B000005BF /* TenWidgetExtension.entitlements */,
				B8F9FB062EE0F1E8004A2584 /* SocialTen */,
				B83FBD962F12EDB6000005BF /* TenWidget */,
				B8FFBA4A2EFBEC97005B073B /* Frameworks */,
				B8F9FB052EE0F1E8004A2584 /* Products */,
			);
			sourceTree = "<group>";
		};
		B8F9FB052EE0F1E8004A2584 /* Products */ = {
			isa = PBXGroup;
			children = (
				B8F9FB042EE0F1E8004A2584 /* SocialTen.app */,
				B83FBD912F12EDB5000005BF /* TenWidgetExtension.appex */,
			);
			name = Products;
			sourceTree = "<group>";
		};
		B8F9FB062EE0F1E8004A2584 /* SocialTen */ = {
			isa = PBXGroup;
			children = (
				B8D987422F1C70310048E537 /* Developer */,
				B800381E2F131114007CC449 /* CheckIn */,
				B83FBD872F12ED4C000005BF /* Widget */,
				B88E3D722F128BB2009649FE /* Messages */,
				B88172962F02F98B00923E9C /* Info.plist */,
				B88172952F02F95700923E9C /* SocialTen.entitlements */,
				B8F9FB072EE0F1E8004A2584 /* SocialTenApp.swift */,
				B88172972F02F9BD00923E9C /* Settings/NotificationManager.swift */,
				B8F9FB092EE0F1E8004A2584 /* ContentView.swift */,
				B85383A32F0C49C400E18824 /* Friends/FriendshipScore.swift */,
				B85383A22F0C438500E18824 /* SocialTen.xctestplan */,
				B85383A02F0C411500E18824 /* Settings/PremiumManager.swift */,
				B8F08B4C2F004BA600F1CDE5 /* Badges/Badge.swift */,
				B8F08B4E2F004C4200F1CDE5 /* Badges/BadgeManager.swift */,
				B8F08B502F004C6800F1CDE5 /* Badges/BadgeViews.swift */,
				B8C99EB72EFE90A40050E1A3 /* Settings/EditProfileView.swift */,
				B8C99EB52EFE8D4C0050E1A3 /* TenPlusView.swift */,
				B8C99EA02EFE5BD80050E1A3 /* Settings/ThemeManager.swift */,
				B8FFBA4D2EFBECD8005B073B /* Supabase/DatabaseModels.swift */,
				B8CD47702EEBC31600F2CC27 /* Vibe/Vibe.swift */,
				B8F9FB152EE0F304004A2584 /* Settings/User.swift */,
				B8F9FB172EE0F31B004A2584 /* Home/Rating.swift */,
				B8F9FB1B2EE0F33E004A2584 /* MainTabView.swift */,
				B831AD1F2EFBEA2800E7B1E7 /* Supabase/SupabaseManager.swift */,
				B831AD212EFBEA4E00E7B1E7 /* Authorization/AuthViewModel.swift */,
				B831AD232EFBEA6F00E7B1E7 /* Authorization/AuthView.swift */,
				B8FFBA4F2EFBEF3D005B073B /* Authorization/OnBoardingView.swift */,
				B831AD252EFBEA8D00E7B1E7 /* Supabase/SupabaseAppViewModel.swift */,
				B8C99EA22EFE5C000050E1A3 /* Components */,
				B8F9FB1D2EE0F350004A2584 /* Home/HomeView.swift */,
				B8C99EB12EFE5CAC0050E1A3 /* Vibe/VibeTab.swift */,
				B8C99EB32EFE5CCC0050E1A3 /* Feed/FeedTab.swift */,
				B8B35A202EE2C1D3004A1258 /* Feed/CreatePostView.swift */,
				B8F9FB1F2EE0F35F004A2584 /* Friends/FriendsView.swift */,
				B88172992F030A8800923E9C /* Settings/NotificationSettingsView.swift */,
				B8B35A1A2EE2C117004A1258 /* Feed/Post.swift */,
				B8B35A1C2EE2C12F004A1258 /* Friends/FriendRequest.swift */,
				B8B35A1E2EE2C149004A1258 /* Home/DailyPrompt.swift */,
				B8F9FB0B2EE0F1E9004A2584 /* Assets.xcassets */,
				B8F9FB0D2EE0F1E9004A2584 /* Preview Content */,
			);
			path = SocialTen;
			sourceTree = "<group>";
		};
		B8F9FB0D2EE0F1E9004A2584 /* Preview Content */ = {
			isa = PBXGroup;
			children = (
				B8F9FB0E2EE0F1E9004A2584 /* Preview Assets.xcassets */,
			);
			path = "Preview Content";
			sourceTree = "<group>";
		};
		B8FFBA4A2EFBEC97005B073B /* Frameworks */ = {
			isa = PBXGroup;
			children = (
				B83FBD922F12EDB6000005BF /* WidgetKit.framework */,
				B83FBD942F12EDB6000005BF /* SwiftUI.framework */,
			);
			name = Frameworks;
			sourceTree = "<group>";
		};
/* End PBXGroup section */

/* Begin PBXNativeTarget section */
		B83FBD902F12EDB5000005BF /* TenWidgetExtension */ = {
			isa = PBXNativeTarget;
			buildConfigurationList = B83FBDA42F12EDB6000005BF /* Build configuration list for PBXNativeTarget "TenWidgetExtension" */;
			buildPhases = (
				B83FBD8D2F12EDB5000005BF /* Sources */,
				B83FBD8E2F12EDB5000005BF /* Frameworks */,
				B83FBD8F2F12EDB5000005BF /* Resources */,
			);
			buildRules = (
			);
			dependencies = (
			);
			fileSystemSynchronizedGroups = (
				B83FBD962F12EDB6000005BF /* TenWidget */,
			);
			name = TenWidgetExtension;
			packageProductDependencies = (
			);
			productName = TenWidgetExtension;
			productReference = B83FBD912F12EDB5000005BF /* TenWidgetExtension.appex */;
			productType = "com.apple.product-type.app-extension";
		};
		B8F9FB032EE0F1E8004A2584 /* SocialTen */ = {
			isa = PBXNativeTarget;
			buildConfigurationList = B8F9FB122EE0F1E9004A2584 /* Build configuration list for PBXNativeTarget "SocialTen" */;
			buildPhases = (
				B8F9FB002EE0F1E8004A2584 /* Sources */,
				B8F9FB012EE0F1E8004A2584 /* Frameworks */,
				B8F9FB022EE0F1E8004A2584 /* Resources */,
				B83FBDA72F12EDB6000005BF /* Embed Foundation Extensions */,
			);
			buildRules = (
			);
			dependencies = (
				B83FBDA12F12EDB6000005BF /* PBXTargetDependency */,
			);
			fileSystemSynchronizedGroups = (
				B8C99EA22EFE5C000050E1A3 /* Components */,
			);
			name = SocialTen;
			productName = SocialTen;
			productReference = B8F9FB042EE0F1E8004A2584 /* SocialTen.app */;
			productType = "com.apple.product-type.application";
		};
/* End PBXNativeTarget section */

/* Begin PBXProject section */
		B8F9FAFC2EE0F1E8004A2584 /* Project object */ = {
			isa = PBXProject;
			attributes = {
				BuildIndependentTargetsInParallel = 1;
				LastSwiftUpdateCheck = 2610;
				LastUpgradeCheck = 1540;
				TargetAttributes = {
					B83FBD902F12EDB5000005BF = {
						CreatedOnToolsVersion = 26.1.1;
					};
					B8F9FB032EE0F1E8004A2584 = {
						CreatedOnToolsVersion = 15.4;
					};
				};
			};
			buildConfigurationList = B8F9FAFF2EE0F1E8004A2584 /* Build configuration list for PBXProject "SocialTen" */;
			compatibilityVersion = "Xcode 14.0";
			developmentRegion = en;
			hasScannedForEncodings = 0;
			knownRegions = (
				en,
				Base,
			);
			mainGroup = B8F9FAFB2EE0F1E8004A2584;
			packageReferences = (
				B831AD142EFBE82100E7B1E7 /* XCRemoteSwiftPackageReference "supabase-swift" */,
			);
			productRefGroup = B8F9FB052EE0F1E8004A2584 /* Products */;
			projectDirPath = "";
			projectRoot = "";
			targets = (
				B8F9FB032EE0F1E8004A2584 /* SocialTen */,
				B83FBD902F12EDB5000005BF /* TenWidgetExtension */,
			);
		};
/* End PBXProject section */

/* Begin PBXResourcesBuildPhase section */
		B83FBD8F2F12EDB5000005BF /* Resources */ = {
			isa = PBXResourcesBuildPhase;
			buildActionMask = 2147483647;
			files = (
			);
			runOnlyForDeploymentPostprocessing = 0;
		};
		B8F9FB022EE0F1E8004A2584 /* Resources */ = {
			isa = PBXResourcesBuildPhase;
			buildActionMask = 2147483647;
			files = (
				B8F9FB0F2EE0F1E9004A2584 /* Preview Assets.xcassets in Resources */,
				B8F9FB0C2EE0F1E9004A2584 /* Assets.xcassets in Resources */,
			);
			runOnlyForDeploymentPostprocessing = 0;
		};
/* End PBXResourcesBuildPhase section */

/* Begin PBXSourcesBuildPhase section */
		B83FBD8D2F12EDB5000005BF /* Sources */ = {
			isa = PBXSourcesBuildPhase;
			buildActionMask = 2147483647;
			files = (
			);
			runOnlyForDeploymentPostprocessing = 0;
		};
		B8F9FB002EE0F1E8004A2584 /* Sources */ = {
			isa = PBXSourcesBuildPhase;
			buildActionMask = 2147483647;
			files = (
				B8C99EB22EFE5CAC0050E1A3 /* Vibe/VibeTab.swift in Sources */,
				B85383A12F0C411500E18824 /* Settings/PremiumManager.swift in Sources */,
				B8B35A1B2EE2C117004A1258 /* Feed/Post.swift in Sources */,
				B8FFBA502EFBEF3D005B073B /* Authorization/OnBoardingView.swift in Sources */,
				B83FBD882F12ED4C000005BF /* WidgetManager.swift in Sources */,
				B831AD202EFBEA2800E7B1E7 /* Supabase/SupabaseManager.swift in Sources */,
				B881729A2F030A8800923E9C /* Settings/NotificationSettingsView.swift in Sources */,
				B8F9FB1E2EE0F350004A2584 /* Home/HomeView.swift in Sources */,
				B831AD262EFBEA8D00E7B1E7 /* Supabase/SupabaseAppViewModel.swift in Sources */,
				B831AD242EFBEA6F00E7B1E7 /* Authorization/AuthView.swift in Sources */,
				B8F08B512F004C6800F1CDE5 /* Badges/BadgeViews.swift in Sources */,
				B8D987432F1C70310048E537 /* DeveloperStatsView.swift in Sources */,
				B8D987442F1C70310048E537 /* DeveloperConfig.swift in Sources */,
				B8D987452F1C70310048E537 /* DeveloperFeedbackView.swift in Sources */,
				B831AD222EFBEA4E00E7B1E7 /* Authorization/AuthViewModel.swift in Sources */,
				B8F9FB202EE0F35F004A2584 /* Friends/FriendsView.swift in Sources */,
				B8C99EA12EFE5BD80050E1A3 /* Settings/ThemeManager.swift in Sources */,
				B8C99EB82EFE90A40050E1A3 /* Settings/EditProfileView.swift in Sources */,
				B88172982F02F9BD00923E9C /* Settings/NotificationManager.swift in Sources */,
				B8C99EB42EFE5CCC0050E1A3 /* Feed/FeedTab.swift in Sources */,
				B8F9FB182EE0F31B004A2584 /* Home/Rating.swift in Sources */,
				B8A8FD0A2F1D7C530017A398 /* DeveloperChangelogView.swift in Sources */,
				B8A8FD0B2F1D7C530017A398 /* ChangelogView.swift in Sources */,
				B8F9FB0A2EE0F1E8004A2584 /* ContentView.swift in Sources */,
				B800381F2F131114007CC449 /* CheckInManager.swift in Sources */,
				B80038202F131114007CC449 /* CheckInAlertView.swift in Sources */,
				B80038212F131114007CC449 /* CheckInWalkthroughView.swift in Sources */,
				B8C99EB62EFE8D4C0050E1A3 /* TenPlusView.swift in Sources */,
				B80038232F131F49007CC449 /* SupportReceivedView.swift in Sources */,
				B8FFBA4E2EFBECD8005B073B /* Supabase/DatabaseModels.swift in Sources */,
				B8B35A212EE2C1D3004A1258 /* Feed/CreatePostView.swift in Sources */,
				B8F9FB082EE0F1E8004A2584 /* SocialTenApp.swift in Sources */,
				B8F08B4D2F004BA600F1CDE5 /* Badges/Badge.swift in Sources */,
				B8F9FB162EE0F304004A2584 /* Settings/User.swift in Sources */,
				B8CD47712EEBC31600F2CC27 /* Vibe/Vibe.swift in Sources */,
				B88E3D732F128BB2009649FE /* ConversationManager.swift in Sources */,
				B88E3D742F128BB2009649FE /* ChatView.swift in Sources */,
				B88E3D752F128BB2009649FE /* Message.swift in Sources */,
				B88E3D762F128BB2009649FE /* MessagesListView.swift in Sources */,
				B8F08B4F2F004C4200F1CDE5 /* Badges/BadgeManager.swift in Sources */,
				B8F9FB1C2EE0F33E004A2584 /* MainTabView.swift in Sources */,
				B85383A42F0C49C400E18824 /* Friends/FriendshipScore.swift in Sources */,
				B8B35A1F2EE2C149004A1258 /* Home/DailyPrompt.swift in Sources */,
				B8B35A1D2EE2C12F004A1258 /* Friends/FriendRequest.swift in Sources */,
				B8A8FD032F1D6DBC0017A398 /* FeedbackView.swift in Sources */,
			);
			runOnlyForDeploymentPostprocessing = 0;
		};
/* End PBXSourcesBuildPhase section */

/* Begin PBXTargetDependency section */
		B83FBDA12F12EDB6000005BF /* PBXTargetDependency */ = {
			isa = PBXTargetDependency;
			target = B83FBD902F12EDB5000005BF /* TenWidgetExtension */;
			targetProxy = B83FBDA02F12EDB6000005BF /* PBXContainerItemProxy */;
		};
/* End PBXTargetDependency section */

/* Begin XCBuildConfiguration section */
		B83FBDA52F12EDB6000005BF /* Debug */ = {
			isa = XCBuildConfiguration;
			buildSettings = {
				ASSETCATALOG_COMPILER_GLOBAL_ACCENT_COLOR_NAME = AccentColor;
				ASSETCATALOG_COMPILER_WIDGET_BACKGROUND_COLOR_NAME = WidgetBackground;
				CODE_SIGN_ENTITLEMENTS = TenWidgetExtension.entitlements;
				CODE_SIGN_STYLE = Automatic;
				CURRENT_PROJECT_VERSION = 1;
				DEVELOPMENT_TEAM = NU22NG348K;
				GENERATE_INFOPLIST_FILE = YES;
				INFOPLIST_FILE = TenWidget/Info.plist;
				INFOPLIST_KEY_CFBundleDisplayName = TenWidget;
				INFOPLIST_KEY_NSHumanReadableCopyright = "";
				IPHONEOS_DEPLOYMENT_TARGET = 26.1;
				LD_RUNPATH_SEARCH_PATHS = (
					"$(inherited)",
					"@executable_path/Frameworks",
					"@executable_path/../../Frameworks",
				);
				MARKETING_VERSION = 1.0;
				PRODUCT_BUNDLE_IDENTIFIER = com.joealapatSocialTen.TenWidget;
				PRODUCT_NAME = "$(TARGET_NAME)";
				SKIP_INSTALL = YES;
				STRING_CATALOG_GENERATE_SYMBOLS = YES;
				SWIFT_APPROACHABLE_CONCURRENCY = YES;
				SWIFT_EMIT_LOC_STRINGS = YES;
				SWIFT_UPCOMING_FEATURE_MEMBER_IMPORT_VISIBILITY = YES;
				SWIFT_VERSION = 5.0;
				TARGETED_DEVICE_FAMILY = "1,2";
			};
			name = Debug;
		};
		B83FBDA62F12EDB6000005BF /* Release */ = {
			isa = XCBuildConfiguration;
			buildSettings = {
				ASSETCATALOG_COMPILER_GLOBAL_ACCENT_COLOR_NAME = AccentColor;
				ASSETCATALOG_COMPILER_WIDGET_BACKGROUND_COLOR_NAME = WidgetBackground;
				CODE_SIGN_ENTITLEMENTS = TenWidgetExtension.entitlements;
				CODE_SIGN_STYLE = Automatic;
				CURRENT_PROJECT_VERSION = 1;
				DEVELOPMENT_TEAM = NU22NG348K;
				GENERATE_INFOPLIST_FILE = YES;
				INFOPLIST_FILE = TenWidget/Info.plist;
				INFOPLIST_KEY_CFBundleDisplayName = TenWidget;
				INFOPLIST_KEY_NSHumanReadableCopyright = "";
				IPHONEOS_DEPLOYMENT_TARGET = 26.1;
				LD_RUNPATH_SEARCH_PATHS = (
					"$(inherited)",
					"@executable_path/Frameworks",
					"@executable_path/../../Frameworks",
				);
				MARKETING_VERSION = 1.0;
				PRODUCT_BUNDLE_IDENTIFIER = com.joealapatSocialTen.TenWidget;
				PRODUCT_NAME = "$(TARGET_NAME)";
				SKIP_INSTALL = YES;
				STRING_CATALOG_GENERATE_SYMBOLS = YES;
				SWIFT_APPROACHABLE_CONCURRENCY = YES;
				SWIFT_EMIT_LOC_STRINGS = YES;
				SWIFT_UPCOMING_FEATURE_MEMBER_IMPORT_VISIBILITY = YES;
				SWIFT_VERSION = 5.0;
				TARGETED_DEVICE_FAMILY = "1,2";
			};
			name = Release;
		};
		B8F9FB102EE0F1E9004A2584 /* Debug */ = {
			isa = XCBuildConfiguration;
			buildSettings = {
				ALWAYS_SEARCH_USER_PATHS = NO;
				ASSETCATALOG_COMPILER_GENERATE_SWIFT_ASSET_SYMBOL_EXTENSIONS = YES;
				CLANG_ANALYZER_NONNULL = YES;
				CLANG_ANALYZER_NUMBER_OBJECT_CONVERSION = YES_AGGRESSIVE;
				CLANG_CXX_LANGUAGE_STANDARD = "gnu++20";
				CLANG_ENABLE_MODULES = YES;
				CLANG_ENABLE_OBJC_ARC = YES;
				CLANG_ENABLE_OBJC_WEAK = YES;
				CLANG_WARN_BLOCK_CAPTURE_AUTORELEASING = YES;
				CLANG_WARN_BOOL_CONVERSION = YES;
				CLANG_WARN_COMMA = YES;
				CLANG_WARN_CONSTANT_CONVERSION = YES;
				CLANG_WARN_DEPRECATED_OBJC_IMPLEMENTATIONS = YES;
				CLANG_WARN_DIRECT_OBJC_ISA_USAGE = YES_ERROR;
				CLANG_WARN_DOCUMENTATION_COMMENTS = YES;
				CLANG_WARN_EMPTY_BODY = YES;
				CLANG_WARN_ENUM_CONVERSION = YES;
				CLANG_WARN_INFINITE_RECURSION = YES;
				CLANG_WARN_INT_CONVERSION = YES;
				CLANG_WARN_NON_LITERAL_NULL_CONVERSION = YES;
				CLANG_WARN_OBJC_IMPLICIT_RETAIN_SELF = YES;
				CLANG_WARN_OBJC_LITERAL_CONVERSION = YES;
				CLANG_WARN_OBJC_ROOT_CLASS = YES_ERROR;
				CLANG_WARN_QUOTED_INCLUDE_IN_FRAMEWORK_HEADER = YES;
				CLANG_WARN_RANGE_LOOP_ANALYSIS = YES;
				CLANG_WARN_STRICT_PROTOTYPES = YES;
				CLANG_WARN_SUSPICIOUS_MOVE = YES;
				CLANG_WARN_UNGUARDED_AVAILABILITY = YES_AGGRESSIVE;
				CLANG_WARN_UNREACHABLE_CODE = YES;
				CLANG_WARN__DUPLICATE_METHOD_MATCH = YES;
				COPY_PHASE_STRIP = NO;
				DEBUG_INFORMATION_FORMAT = dwarf;
				ENABLE_STRICT_OBJC_MSGSEND = YES;
				ENABLE_TESTABILITY = YES;
				ENABLE_USER_SCRIPT_SANDBOXING = YES;
				GCC_C_LANGUAGE_STANDARD = gnu17;
				GCC_DYNAMIC_NO_PIC = NO;
				GCC_NO_COMMON_BLOCKS = YES;
				GCC_OPTIMIZATION_LEVEL = 0;
				GCC_PREPROCESSOR_DEFINITIONS = (
					"DEBUG=1",
					"$(inherited)",
				);
				GCC_WARN_64_TO_32_BIT_CONVERSION = YES;
				GCC_WARN_ABOUT_RETURN_TYPE = YES_ERROR;
				GCC_WARN_UNDECLARED_SELECTOR = YES;
				GCC_WARN_UNINITIALIZED_AUTOS = YES_AGGRESSIVE;
				GCC_WARN_UNUSED_FUNCTION = YES;
				GCC_WARN_UNUSED_VARIABLE = YES;
				IPHONEOS_DEPLOYMENT_TARGET = 17.5;
				LOCALIZATION_PREFERS_STRING_CATALOGS = YES;
				MTL_ENABLE_DEBUG_INFO = INCLUDE_SOURCE;
				MTL_FAST_MATH = YES;
				ONLY_ACTIVE_ARCH = YES;
				SDKROOT = iphoneos;
				SWIFT_ACTIVE_COMPILATION_CONDITIONS = "DEBUG $(inherited)";
				SWIFT_OPTIMIZATION_LEVEL = "-Onone";
			};
			name = Debug;
		};
		B8F9FB112EE0F1E9004A2584 /* Release */ = {
			isa = XCBuildConfiguration;
			buildSettings = {
				ALWAYS_SEARCH_USER_PATHS = NO;
				ASSETCATALOG_COMPILER_GENERATE_SWIFT_ASSET_SYMBOL_EXTENSIONS = YES;
				CLANG_ANALYZER_NONNULL = YES;
				CLANG_ANALYZER_NUMBER_OBJECT_CONVERSION = YES_AGGRESSIVE;
				CLANG_CXX_LANGUAGE_STANDARD = "gnu++20";
				CLANG_ENABLE_MODULES = YES;
				CLANG_ENABLE_OBJC_ARC = YES;
				CLANG_ENABLE_OBJC_WEAK = YES;
				CLANG_WARN_BLOCK_CAPTURE_AUTORELEASING = YES;
				CLANG_WARN_BOOL_CONVERSION = YES;
				CLANG_WARN_COMMA = YES;
				CLANG_WARN_CONSTANT_CONVERSION = YES;
				CLANG_WARN_DEPRECATED_OBJC_IMPLEMENTATIONS = YES;
				CLANG_WARN_DIRECT_OBJC_ISA_USAGE = YES_ERROR;
				CLANG_WARN_DOCUMENTATION_COMMENTS = YES;
				CLANG_WARN_EMPTY_BODY = YES;
				CLANG_WARN_ENUM_CONVERSION = YES;
				CLANG_WARN_INFINITE_RECURSION = YES;
				CLANG_WARN_INT_CONVERSION = YES;
				CLANG_WARN_NON_LITERAL_NULL_CONVERSION = YES;
				CLANG_WARN_OBJC_IMPLICIT_RETAIN_SELF = YES;
				CLANG_WARN_OBJC_LITERAL_CONVERSION = YES;
				CLANG_WARN_OBJC_ROOT_CLASS = YES_ERROR;
				CLANG_WARN_QUOTED_INCLUDE_IN_FRAMEWORK_HEADER = YES;
				CLANG_WARN_RANGE_LOOP_ANALYSIS = YES;
				CLANG_WARN_STRICT_PROTOTYPES = YES;
				CLANG_WARN_SUSPICIOUS_MOVE = YES;
				CLANG_WARN_UNGUARDED_AVAILABILITY = YES_AGGRESSIVE;
				CLANG_WARN_UNREACHABLE_CODE = YES;
				CLANG_WARN__DUPLICATE_METHOD_MATCH = YES;
				COPY_PHASE_STRIP = NO;
				DEBUG_INFORMATION_FORMAT = "dwarf-with-dsym";
				ENABLE_NS_ASSERTIONS = NO;
				ENABLE_STRICT_OBJC_MSGSEND = YES;
				ENABLE_USER_SCRIPT_SANDBOXING = YES;
				GCC_C_LANGUAGE_STANDARD = gnu17;
				GCC_NO_COMMON_BLOCKS = YES;
				GCC_WARN_64_TO_32_BIT_CONVERSION = YES;
				GCC_WARN_ABOUT_RETURN_TYPE = YES_ERROR;
				GCC_WARN_UNDECLARED_SELECTOR = YES;
				GCC_WARN_UNINITIALIZED_AUTOS = YES_AGGRESSIVE;
				GCC_WARN_UNUSED_FUNCTION = YES;
				GCC_WARN_UNUSED_VARIABLE = YES;
				IPHONEOS_DEPLOYMENT_TARGET = 17.5;
				LOCALIZATION_PREFERS_STRING_CATALOGS = YES;
				MTL_ENABLE_DEBUG_INFO = NO;
				MTL_FAST_MATH = YES;
				SDKROOT = iphoneos;
				SWIFT_COMPILATION_MODE = wholemodule;
				VALIDATE_PRODUCT = YES;
			};
			name = Release;
		};
		B8F9FB132EE0F1E9004A2584 /* Debug */ = {
			isa = XCBuildConfiguration;
			buildSettings = {
				ASSETCATALOG_COMPILER_APPICON_NAME = AppIcon;
				ASSETCATALOG_COMPILER_GLOBAL_ACCENT_COLOR_NAME = AccentColor;
				CODE_SIGN_ENTITLEMENTS = SocialTen/SocialTen.entitlements;
				CODE_SIGN_STYLE = Automatic;
				CURRENT_PROJECT_VERSION = 1;
				DEVELOPMENT_ASSET_PATHS = "\"SocialTen/Preview Content\"";
				DEVELOPMENT_TEAM = NU22NG348K;
				ENABLE_PREVIEWS = YES;
				GENERATE_INFOPLIST_FILE = YES;
				INFOPLIST_FILE = SocialTen/Info.plist;
				INFOPLIST_KEY_CFBundleDisplayName = Ten;
				INFOPLIST_KEY_UIApplicationSceneManifest_Generation = YES;
				INFOPLIST_KEY_UIApplicationSupportsIndirectInputEvents = YES;
				INFOPLIST_KEY_UILaunchScreen_Generation = YES;
				INFOPLIST_KEY_UISupportedInterfaceOrientations_iPad = "UIInterfaceOrientationPortrait UIInterfaceOrientationPortraitUpsideDown UIInterfaceOrientationLandscapeLeft UIInterfaceOrientationLandscapeRight";
				INFOPLIST_KEY_UISupportedInterfaceOrientations_iPhone = "UIInterfaceOrientationPortrait UIInterfaceOrientationLandscapeLeft UIInterfaceOrientationLandscapeRight";
				LD_RUNPATH_SEARCH_PATHS = (
					"$(inherited)",
					"@executable_path/Frameworks",
				);
				MARKETING_VERSION = 1.5.0;
				PRODUCT_BUNDLE_IDENTIFIER = com.joealapatSocialTen;
				PRODUCT_NAME = "$(TARGET_NAME)";
				SWIFT_EMIT_LOC_STRINGS = YES;
				SWIFT_VERSION = 5.0;
				TARGETED_DEVICE_FAMILY = "1,2";
			};
			name = Debug;
		};
		B8F9FB142EE0F1E9004A2584 /* Release */ = {
			isa = XCBuildConfiguration;
			buildSettings = {
				ASSETCATALOG_COMPILER_APPICON_NAME = AppIcon;
				ASSETCATALOG_COMPILER_GLOBAL_ACCENT_COLOR_NAME = AccentColor;
				CODE_SIGN_ENTITLEMENTS = SocialTen/SocialTen.entitlements;
				CODE_SIGN_STYLE = Automatic;
				CURRENT_PROJECT_VERSION = 1;
				DEVELOPMENT_ASSET_PATHS = "\"SocialTen/Preview Content\"";
				DEVELOPMENT_TEAM = NU22NG348K;
				ENABLE_PREVIEWS = YES;
				GENERATE_INFOPLIST_FILE = YES;
				INFOPLIST_FILE = SocialTen/Info.plist;
				INFOPLIST_KEY_CFBundleDisplayName = Ten;
				INFOPLIST_KEY_UIApplicationSceneManifest_Generation = YES;
				INFOPLIST_KEY_UIApplicationSupportsIndirectInputEvents = YES;
				INFOPLIST_KEY_UILaunchScreen_Generation = YES;
				INFOPLIST_KEY_UISupportedInterfaceOrientations_iPad = "UIInterfaceOrientationPortrait UIInterfaceOrientationPortraitUpsideDown UIInterfaceOrientationLandscapeLeft UIInterfaceOrientationLandscapeRight";
				INFOPLIST_KEY_UISupportedInterfaceOrientations_iPhone = "UIInterfaceOrientationPortrait UIInterfaceOrientationLandscapeLeft UIInterfaceOrientationLandscapeRight";
				LD_RUNPATH_SEARCH_PATHS = (
					"$(inherited)",
					"@executable_path/Frameworks",
				);
				MARKETING_VERSION = 1.5.0;
				PRODUCT_BUNDLE_IDENTIFIER = com.joealapatSocialTen;
				PRODUCT_NAME = "$(TARGET_NAME)";
				SWIFT_EMIT_LOC_STRINGS = YES;
				SWIFT_VERSION = 5.0;
				TARGETED_DEVICE_FAMILY = "1,2";
			};
			name = Release;
		};
/* End XCBuildConfiguration section */

/* Begin XCConfigurationList section */
		B83FBDA42F12EDB6000005BF /* Build configuration list for PBXNativeTarget "TenWidgetExtension" */ = {
			isa = XCConfigurationList;
			buildConfigurations = (
				B83FBDA52F12EDB6000005BF /* Debug */,
				B83FBDA62F12EDB6000005BF /* Release */,
			);
			defaultConfigurationIsVisible = 0;
			defaultConfigurationName = Release;
		};
		B8F9FAFF2EE0F1E8004A2584 /* Build configuration list for PBXProject "SocialTen" */ = {
			isa = XCConfigurationList;
			buildConfigurations = (
				B8F9FB102EE0F1E9004A2584 /* Debug */,
				B8F9FB112EE0F1E9004A2584 /* Release */,
			);
			defaultConfigurationIsVisible = 0;
			defaultConfigurationName = Release;
		};
		B8F9FB122EE0F1E9004A2584 /* Build configuration list for PBXNativeTarget "SocialTen" */ = {
			isa = XCConfigurationList;
			buildConfigurations = (
				B8F9FB132EE0F1E9004A2584 /* Debug */,
				B8F9FB142EE0F1E9004A2584 /* Release */,
			);
			defaultConfigurationIsVisible = 0;
			defaultConfigurationName = Release;
		};
/* End XCConfigurationList section */

/* Begin XCRemoteSwiftPackageReference section */
		B831AD142EFBE82100E7B1E7 /* XCRemoteSwiftPackageReference "supabase-swift" */ = {
			isa = XCRemoteSwiftPackageReference;
			repositoryURL = "https://github.com/supabase/supabase-swift";
			requirement = {
				kind = upToNextMajorVersion;
				minimumVersion = 2.5.1;
			};
		};
/* End XCRemoteSwiftPackageReference section */

/* Begin XCSwiftPackageProductDependency section */
		B831AD152EFBE82100E7B1E7 /* Auth */ = {
			isa = XCSwiftPackageProductDependency;
			package = B831AD142EFBE82100E7B1E7 /* XCRemoteSwiftPackageReference "supabase-swift" */;
			productName = Auth;
		};
		B831AD172EFBE82100E7B1E7 /* Functions */ = {
			isa = XCSwiftPackageProductDependency;
			package = B831AD142EFBE82100E7B1E7 /* XCRemoteSwiftPackageReference "supabase-swift" */;
			productName = Functions;
		};
		B831AD192EFBE82100E7B1E7 /* PostgREST */ = {
			isa = XCSwiftPackageProductDependency;
			package = B831AD142EFBE82100E7B1E7 /* XCRemoteSwiftPackageReference "supabase-swift" */;
			productName = PostgREST;
		};
		B831AD1B2EFBE82100E7B1E7 /* Realtime */ = {
			isa = XCSwiftPackageProductDependency;
			package = B831AD142EFBE82100E7B1E7 /* XCRemoteSwiftPackageReference "supabase-swift" */;
			productName = Realtime;
		};
		B831AD1D2EFBE82100E7B1E7 /* Storage */ = {
			isa = XCSwiftPackageProductDependency;
			package = B831AD142EFBE82100E7B1E7 /* XCRemoteSwiftPackageReference "supabase-swift" */;
			productName = Storage;
		};
		B8FFBA4B2EFBEC97005B073B /* Supabase */ = {
			isa = XCSwiftPackageProductDependency;
			package = B831AD142EFBE82100E7B1E7 /* XCRemoteSwiftPackageReference "supabase-swift" */;
			productName = Supabase;
		};
/* End XCSwiftPackageProductDependency section */
	};
	rootObject = B8F9FAFC2EE0F1E8004A2584 /* Project object */;
}
